
Microsoft Visual Studio Solution File, Format Version 12.00
# Visual Studio Version 16
VisualStudioVersion = 16.0.29403.142
MinimumVisualStudioVersion = 10.0.40219.1
Project("{FAE04EC0-301F-11D3-BF4B-00C04F79EFBC}") = "Project Eternity", "Project Eternity\Project Eternity\Project Eternity.csproj", "{410CD1AA-20CE-4F1B-ABD1-DBAB0C475329}"
	ProjectSection(ProjectDependencies) = postProject
		{43A63F0B-EE44-4769-BEEC-12C717B28A6F} = {43A63F0B-EE44-4769-BEEC-12C717B28A6F}
		{A1AF9211-44CA-4EC9-ADC3-3C00907F9F09} = {A1AF9211-44CA-4EC9-ADC3-3C00907F9F09}
		{25BFEC13-3A4E-4F04-81EF-4E372555F9CA} = {25BFEC13-3A4E-4F04-81EF-4E372555F9CA}
		{1283EA14-32A1-4D1E-A2AF-F5B03823CB02} = {1283EA14-32A1-4D1E-A2AF-F5B03823CB02}
		{5F05F815-0A6B-43E7-A254-39D0409BFE8E} = {5F05F815-0A6B-43E7-A254-39D0409BFE8E}
		{770F081B-9301-451C-999C-A81EEC75D141} = {770F081B-9301-451C-999C-A81EEC75D141}
		{60AC9427-F1D2-4FB9-B470-87E3E56B763E} = {60AC9427-F1D2-4FB9-B470-87E3E56B763E}
		{7297B027-A204-417E-89A0-5ED5A7F525D8} = {7297B027-A204-417E-89A0-5ED5A7F525D8}
		{BC99272F-8CE3-4143-B111-328F76C5AA81} = {BC99272F-8CE3-4143-B111-328F76C5AA81}
		{EC194A36-1A2B-4FC7-B02F-9A7B784A6947} = {EC194A36-1A2B-4FC7-B02F-9A7B784A6947}
		{7799963E-6A03-413B-954D-FF12D0104092} = {7799963E-6A03-413B-954D-FF12D0104092}
		{C9DCC447-A1E1-45DE-AFDB-A3BD4F200F02} = {C9DCC447-A1E1-45DE-AFDB-A3BD4F200F02}
		{012E2049-DB0D-47F1-B267-7E7C6BA5B9D0} = {012E2049-DB0D-47F1-B267-7E7C6BA5B9D0}
		{15D58C58-7AE0-4338-9873-ACD4C336CA67} = {15D58C58-7AE0-4338-9873-ACD4C336CA67}
		{4443915C-152E-44F3-BD60-766080C0C0F0} = {4443915C-152E-44F3-BD60-766080C0C0F0}
		{EF17745E-1116-499C-94D0-5D3607EE8FA4} = {EF17745E-1116-499C-94D0-5D3607EE8FA4}
		{520F4163-583B-4C89-8491-8280A9AEA0CF} = {520F4163-583B-4C89-8491-8280A9AEA0CF}
		{12C70A66-EA45-4769-AAEA-B7A5AA7048D1} = {12C70A66-EA45-4769-AAEA-B7A5AA7048D1}
		{722F9B71-DA49-433C-B048-267A84B270E4} = {722F9B71-DA49-433C-B048-267A84B270E4}
		{EC6EB478-22E3-46EF-AD91-E801A7611AC7} = {EC6EB478-22E3-46EF-AD91-E801A7611AC7}
		{4827C580-A62B-404B-A9E6-AAEA001F6DE6} = {4827C580-A62B-404B-A9E6-AAEA001F6DE6}
		{CB130281-8E14-4EA6-94F5-863DB03FC292} = {CB130281-8E14-4EA6-94F5-863DB03FC292}
		{AB427185-63C7-4FAA-8622-2D960B773310} = {AB427185-63C7-4FAA-8622-2D960B773310}
		{FBED9B93-209A-4322-812E-66BA8516AE18} = {FBED9B93-209A-4322-812E-66BA8516AE18}
		{4EEEA09D-CFBC-43A7-9491-1D7738FC49E7} = {4EEEA09D-CFBC-43A7-9491-1D7738FC49E7}
		{34CB7C9F-49E1-4276-A206-96806BE5072A} = {34CB7C9F-49E1-4276-A206-96806BE5072A}
		{5FFB04A9-36BA-4020-9FD9-DE0D690C2925} = {5FFB04A9-36BA-4020-9FD9-DE0D690C2925}
		{4FE19DB0-80C0-443D-BDB4-9D715F122C70} = {4FE19DB0-80C0-443D-BDB4-9D715F122C70}
		{FA0BB5B5-C4E9-4E5C-BE70-C859C2699CD6} = {FA0BB5B5-C4E9-4E5C-BE70-C859C2699CD6}
		{2DAB67B9-2090-4E3A-9955-9C280CAA4076} = {2DAB67B9-2090-4E3A-9955-9C280CAA4076}
		{F5CD64C0-ABDE-44C7-8AF8-0A47164D5F69} = {F5CD64C0-ABDE-44C7-8AF8-0A47164D5F69}
		{1A6E23C4-0FFD-4C13-9FC5-3675F82F9251} = {1A6E23C4-0FFD-4C13-9FC5-3675F82F9251}
		{52E085D2-F20C-4988-93BB-71088C38E378} = {52E085D2-F20C-4988-93BB-71088C38E378}
		{E91E70D4-DA94-403B-952B-8E3EB630E8E0} = {E91E70D4-DA94-403B-952B-8E3EB630E8E0}
		{0D169FDC-E838-4ACB-9BA6-F7EA13E31C3F} = {0D169FDC-E838-4ACB-9BA6-F7EA13E31C3F}
		{B8B159E0-3C61-4FA9-8CF4-ABC3CD6D9733} = {B8B159E0-3C61-4FA9-8CF4-ABC3CD6D9733}
		{247D5BE1-7562-4E11-9308-7C69D19276BC} = {247D5BE1-7562-4E11-9308-7C69D19276BC}
		{05A40AE7-F825-4B4E-A4D4-9B72BF5BDB4D} = {05A40AE7-F825-4B4E-A4D4-9B72BF5BDB4D}
		{2ADC67E7-75EA-4CC1-8E68-988928FB8497} = {2ADC67E7-75EA-4CC1-8E68-988928FB8497}
		{38AA67E8-4515-4B65-ACC0-6DDEB7E263AD} = {38AA67E8-4515-4B65-ACC0-6DDEB7E263AD}
		{238A19FB-5DAB-4839-9A97-247677B19D60} = {238A19FB-5DAB-4839-9A97-247677B19D60}
	EndProjectSection
EndProject
Project("{FAE04EC0-301F-11D3-BF4B-00C04F79EFBC}") = "Project EternityContent", "Project Eternity\Project EternityContent\Project EternityContent.contentproj", "{5F22D8B8-46BE-4022-8EF7-53B8C0AE6302}"
EndProject
Project("{FAE04EC0-301F-11D3-BF4B-00C04F79EFBC}") = "Project Eternity GUI", "Project Eternity GUI\Project Eternity GUI.csproj", "{CDAA3AB3-E13B-430F-BCCC-31A7CE9E197F}"
	ProjectSection(ProjectDependencies) = postProject
		{D2AFF601-4DF2-466B-91EB-3AA010668360} = {D2AFF601-4DF2-466B-91EB-3AA010668360}
		{3A5AA202-D814-4013-B054-C2296D4EBF71} = {3A5AA202-D814-4013-B054-C2296D4EBF71}
		{43A63F0B-EE44-4769-BEEC-12C717B28A6F} = {43A63F0B-EE44-4769-BEEC-12C717B28A6F}
		{7E8A290E-9709-4142-92AA-EA419B5674BA} = {7E8A290E-9709-4142-92AA-EA419B5674BA}
		{2E7B2F0F-1B53-4D28-9686-854EC898BBC5} = {2E7B2F0F-1B53-4D28-9686-854EC898BBC5}
		{A1AF9211-44CA-4EC9-ADC3-3C00907F9F09} = {A1AF9211-44CA-4EC9-ADC3-3C00907F9F09}
		{25BFEC13-3A4E-4F04-81EF-4E372555F9CA} = {25BFEC13-3A4E-4F04-81EF-4E372555F9CA}
		{1283EA14-32A1-4D1E-A2AF-F5B03823CB02} = {1283EA14-32A1-4D1E-A2AF-F5B03823CB02}
		{5F05F815-0A6B-43E7-A254-39D0409BFE8E} = {5F05F815-0A6B-43E7-A254-39D0409BFE8E}
		{BD3AF31A-AE39-406F-9ABB-BD64927B113D} = {BD3AF31A-AE39-406F-9ABB-BD64927B113D}
		{770F081B-9301-451C-999C-A81EEC75D141} = {770F081B-9301-451C-999C-A81EEC75D141}
		{7BEC961F-8CC2-47C9-8C44-0E13A5294B79} = {7BEC961F-8CC2-47C9-8C44-0E13A5294B79}
		{60AC9427-F1D2-4FB9-B470-87E3E56B763E} = {60AC9427-F1D2-4FB9-B470-87E3E56B763E}
		{7297B027-A204-417E-89A0-5ED5A7F525D8} = {7297B027-A204-417E-89A0-5ED5A7F525D8}
		{5B40132E-3A1F-4CAE-8AEE-9791F7836BC8} = {5B40132E-3A1F-4CAE-8AEE-9791F7836BC8}
		{CDAD162E-A2E4-4A4E-B3D9-340699F120E8} = {CDAD162E-A2E4-4A4E-B3D9-340699F120E8}
		{AA868A2E-28BC-4659-BFE8-E41925A98F65} = {AA868A2E-28BC-4659-BFE8-E41925A98F65}
		{BC99272F-8CE3-4143-B111-328F76C5AA81} = {BC99272F-8CE3-4143-B111-328F76C5AA81}
		{110B472F-44EF-46D7-A59E-D2FF74E061C0} = {110B472F-44EF-46D7-A59E-D2FF74E061C0}
		{EC194A36-1A2B-4FC7-B02F-9A7B784A6947} = {EC194A36-1A2B-4FC7-B02F-9A7B784A6947}
		{7799963E-6A03-413B-954D-FF12D0104092} = {7799963E-6A03-413B-954D-FF12D0104092}
		{C9DCC447-A1E1-45DE-AFDB-A3BD4F200F02} = {C9DCC447-A1E1-45DE-AFDB-A3BD4F200F02}
		{012E2049-DB0D-47F1-B267-7E7C6BA5B9D0} = {012E2049-DB0D-47F1-B267-7E7C6BA5B9D0}
		{61666B4B-6AB0-4989-B04C-6AD02EBD6D1C} = {61666B4B-6AB0-4989-B04C-6AD02EBD6D1C}
		{B6CB9754-EADA-4A23-A249-C33605066756} = {B6CB9754-EADA-4A23-A249-C33605066756}
		{E200FC57-9E3E-489A-9727-468999D95A90} = {E200FC57-9E3E-489A-9727-468999D95A90}
		{15D58C58-7AE0-4338-9873-ACD4C336CA67} = {15D58C58-7AE0-4338-9873-ACD4C336CA67}
		{8B38C75A-0FFF-4C3F-8E63-5AE7ED8BB9E5} = {8B38C75A-0FFF-4C3F-8E63-5AE7ED8BB9E5}
		{4443915C-152E-44F3-BD60-766080C0C0F0} = {4443915C-152E-44F3-BD60-766080C0C0F0}
		{B879C15C-48E7-47CF-9C34-9083123888BD} = {B879C15C-48E7-47CF-9C34-9083123888BD}
		{EF17745E-1116-499C-94D0-5D3607EE8FA4} = {EF17745E-1116-499C-94D0-5D3607EE8FA4}
		{520F4163-583B-4C89-8491-8280A9AEA0CF} = {520F4163-583B-4C89-8491-8280A9AEA0CF}
		{3CD00066-E1BF-458F-A43C-7EF66282C167} = {3CD00066-E1BF-458F-A43C-7EF66282C167}
		{12C70A66-EA45-4769-AAEA-B7A5AA7048D1} = {12C70A66-EA45-4769-AAEA-B7A5AA7048D1}
		{DFB48E6D-A44C-4784-89A3-86F21A108531} = {DFB48E6D-A44C-4784-89A3-86F21A108531}
		{722F9B71-DA49-433C-B048-267A84B270E4} = {722F9B71-DA49-433C-B048-267A84B270E4}
		{7EE3C972-F915-4491-99A2-E654E634405F} = {7EE3C972-F915-4491-99A2-E654E634405F}
		{24157076-0F9F-4FAB-8E32-76B4320C28B9} = {24157076-0F9F-4FAB-8E32-76B4320C28B9}
		{EC6EB478-22E3-46EF-AD91-E801A7611AC7} = {EC6EB478-22E3-46EF-AD91-E801A7611AC7}
		{B59FAA7C-E4DB-4E01-82FB-3C3CDA7EEBD7} = {B59FAA7C-E4DB-4E01-82FB-3C3CDA7EEBD7}
		{15869D7F-5B08-4D2A-8DC6-78A470A9E250} = {15869D7F-5B08-4D2A-8DC6-78A470A9E250}
		{9C938A80-0ED3-45FC-B29F-7D7FA7535342} = {9C938A80-0ED3-45FC-B29F-7D7FA7535342}
		{4827C580-A62B-404B-A9E6-AAEA001F6DE6} = {4827C580-A62B-404B-A9E6-AAEA001F6DE6}
		{CB130281-8E14-4EA6-94F5-863DB03FC292} = {CB130281-8E14-4EA6-94F5-863DB03FC292}
		{AB427185-63C7-4FAA-8622-2D960B773310} = {AB427185-63C7-4FAA-8622-2D960B773310}
		{17AC7C89-094C-4B7E-B013-BF408776125B} = {17AC7C89-094C-4B7E-B013-BF408776125B}
		{7E9FE48E-9926-4EF4-9B6B-3241841BE67B} = {7E9FE48E-9926-4EF4-9B6B-3241841BE67B}
		{EA7A4390-EEBB-43F1-BE86-33177B215695} = {EA7A4390-EEBB-43F1-BE86-33177B215695}
		{FBED9B93-209A-4322-812E-66BA8516AE18} = {FBED9B93-209A-4322-812E-66BA8516AE18}
		{4E01D29C-40A8-47E3-8F62-124919EE06C6} = {4E01D29C-40A8-47E3-8F62-124919EE06C6}
		{4EEEA09D-CFBC-43A7-9491-1D7738FC49E7} = {4EEEA09D-CFBC-43A7-9491-1D7738FC49E7}
		{34CB7C9F-49E1-4276-A206-96806BE5072A} = {34CB7C9F-49E1-4276-A206-96806BE5072A}
		{EDCD00A5-9DBE-4B19-A508-BBC7B66A53F6} = {EDCD00A5-9DBE-4B19-A508-BBC7B66A53F6}
		{5FFB04A9-36BA-4020-9FD9-DE0D690C2925} = {5FFB04A9-36BA-4020-9FD9-DE0D690C2925}
		{25362CAA-0D41-4021-B2BB-D27F735D95B2} = {25362CAA-0D41-4021-B2BB-D27F735D95B2}
		{410CD1AA-20CE-4F1B-ABD1-DBAB0C475329} = {410CD1AA-20CE-4F1B-ABD1-DBAB0C475329}
		{4FE19DB0-80C0-443D-BDB4-9D715F122C70} = {4FE19DB0-80C0-443D-BDB4-9D715F122C70}
		{9DB4A4B2-4975-415A-9050-8EC3EC5056A7} = {9DB4A4B2-4975-415A-9050-8EC3EC5056A7}
		{6802D9B4-FFA8-4006-AE17-A1AB8FA82F00} = {6802D9B4-FFA8-4006-AE17-A1AB8FA82F00}
		{FA0BB5B5-C4E9-4E5C-BE70-C859C2699CD6} = {FA0BB5B5-C4E9-4E5C-BE70-C859C2699CD6}
		{2DAB67B9-2090-4E3A-9955-9C280CAA4076} = {2DAB67B9-2090-4E3A-9955-9C280CAA4076}
		{C6FF4ABD-9427-4002-98F9-EEB2F75645BF} = {C6FF4ABD-9427-4002-98F9-EEB2F75645BF}
		{D6FC98BD-A6EE-4223-B995-65299D714A4C} = {D6FC98BD-A6EE-4223-B995-65299D714A4C}
		{F5CD64C0-ABDE-44C7-8AF8-0A47164D5F69} = {F5CD64C0-ABDE-44C7-8AF8-0A47164D5F69}
		{F2ABD6C0-C692-4E27-9925-E8154182B4EC} = {F2ABD6C0-C692-4E27-9925-E8154182B4EC}
		{1A6E23C4-0FFD-4C13-9FC5-3675F82F9251} = {1A6E23C4-0FFD-4C13-9FC5-3675F82F9251}
		{CCF148C7-FEC2-4CD2-BC4F-25BC6C3A102A} = {CCF148C7-FEC2-4CD2-BC4F-25BC6C3A102A}
		{B6E9FDCE-3C8D-40E6-BB12-F3D0822FDC58} = {B6E9FDCE-3C8D-40E6-BB12-F3D0822FDC58}
		{52E085D2-F20C-4988-93BB-71088C38E378} = {52E085D2-F20C-4988-93BB-71088C38E378}
		{49E85ED4-0B63-47B0-B935-16B328EDEE45} = {49E85ED4-0B63-47B0-B935-16B328EDEE45}
		{E91E70D4-DA94-403B-952B-8E3EB630E8E0} = {E91E70D4-DA94-403B-952B-8E3EB630E8E0}
		{7E8E77D8-1114-4190-B51E-A2D8E7B8B830} = {7E8E77D8-1114-4190-B51E-A2D8E7B8B830}
		{0D169FDC-E838-4ACB-9BA6-F7EA13E31C3F} = {0D169FDC-E838-4ACB-9BA6-F7EA13E31C3F}
		{685F0AE0-DBA2-4F21-B25C-581460CD0CFC} = {685F0AE0-DBA2-4F21-B25C-581460CD0CFC}
		{B8B159E0-3C61-4FA9-8CF4-ABC3CD6D9733} = {B8B159E0-3C61-4FA9-8CF4-ABC3CD6D9733}
		{8CD134E1-2C2F-4A5D-AF05-9B89A04F9B41} = {8CD134E1-2C2F-4A5D-AF05-9B89A04F9B41}
		{247D5BE1-7562-4E11-9308-7C69D19276BC} = {247D5BE1-7562-4E11-9308-7C69D19276BC}
		{8EF945E4-F270-4867-A363-08896EC16F2F} = {8EF945E4-F270-4867-A363-08896EC16F2F}
		{05A40AE7-F825-4B4E-A4D4-9B72BF5BDB4D} = {05A40AE7-F825-4B4E-A4D4-9B72BF5BDB4D}
		{2ADC67E7-75EA-4CC1-8E68-988928FB8497} = {2ADC67E7-75EA-4CC1-8E68-988928FB8497}
		{38AA67E8-4515-4B65-ACC0-6DDEB7E263AD} = {38AA67E8-4515-4B65-ACC0-6DDEB7E263AD}
		{DF49E7F0-B946-43FD-A228-39FB0BD43AFD} = {DF49E7F0-B946-43FD-A228-39FB0BD43AFD}
		{E04D59F1-BE74-47B8-8E78-418B1A9CD37E} = {E04D59F1-BE74-47B8-8E78-418B1A9CD37E}
		{EA65A5F3-E460-4749-B05C-5BCEA9427CFA} = {EA65A5F3-E460-4749-B05C-5BCEA9427CFA}
		{E16F59F6-9776-4DB4-813A-59DB1B39B636} = {E16F59F6-9776-4DB4-813A-59DB1B39B636}
		{0AA352F8-C6F9-4920-82F9-27135F01C4E9} = {0AA352F8-C6F9-4920-82F9-27135F01C4E9}
		{238A19FB-5DAB-4839-9A97-247677B19D60} = {238A19FB-5DAB-4839-9A97-247677B19D60}
		{ABDD40FC-363A-4E8E-9185-9E517776BE65} = {ABDD40FC-363A-4E8E-9185-9E517776BE65}
		{AAB2E5FE-0DC2-4154-9371-1C9A30ED6574} = {AAB2E5FE-0DC2-4154-9371-1C9A30ED6574}
		{3163EEFE-D455-40C8-8FAD-A1120BCE92AD} = {3163EEFE-D455-40C8-8FAD-A1120BCE92AD}
	EndProjectSection
EndProject
Project("{2150E333-8FDC-42A3-9474-1A3956D46DE8}") = "Core", "Core", "{DDBEFB7A-32E0-4FF3-BE92-66E31BE553D1}"
EndProject
Project("{2150E333-8FDC-42A3-9474-1A3956D46DE8}") = "Mods", "Mods", "{3C5699C3-1604-450C-B902-D53D6C608AF5}"
EndProject
Project("{2150E333-8FDC-42A3-9474-1A3956D46DE8}") = "External", "External", "{82632809-01BF-4D8F-AF71-9C4AE291C643}"
EndProject
Project("{FAE04EC0-301F-11D3-BF4B-00C04F79EFBC}") = "Project Eternity Unit", "Core\Project Eternity Unit\Project Eternity Unit.csproj", "{43CF453B-8BD0-494F-B4A8-CCB6F0A2C469}"
EndProject
Project("{2150E333-8FDC-42A3-9474-1A3956D46DE8}") = "Editors", "Editors", "{F774D98B-8C76-48C4-BD9A-AFB29F5E728C}"
EndProject
Project("{2150E333-8FDC-42A3-9474-1A3956D46DE8}") = "Units Editors", "Units Editors", "{717C9EE6-43CC-4448-944B-81F47A55B58C}"
EndProject
Project("{2150E333-8FDC-42A3-9474-1A3956D46DE8}") = "Units", "Units", "{A92DDF5E-F30E-437C-9024-9B46043C51CD}"
EndProject
Project("{FAE04EC0-301F-11D3-BF4B-00C04F79EFBC}") = "Project Eternity Core Effects", "Core\Project Eternity Core Effects\Project Eternity Core Effects.csproj", "{4443915C-152E-44F3-BD60-766080C0C0F0}"
EndProject
Project("{FAE04EC0-301F-11D3-BF4B-00C04F79EFBC}") = "Project Eternity Core Scripts", "Core\Project Eternity Core Scripts\Project Eternity Core Scripts.csproj", "{60AC9427-F1D2-4FB9-B470-87E3E56B763E}"
EndProject
Project("{FAE04EC0-301F-11D3-BF4B-00C04F79EFBC}") = "Project Eternity Core Scene Events", "Core\Project Eternity Core Scene Events\Project Eternity Core Scene Events.csproj", "{52E085D2-F20C-4988-93BB-71088C38E378}"
EndProject
Project("{FAE04EC0-301F-11D3-BF4B-00C04F79EFBC}") = "Project Eternity Core Timelines", "Core\Project Eternity Core Timelines\Project Eternity Core Timelines.csproj", "{247D5BE1-7562-4E11-9308-7C69D19276BC}"
EndProject
Project("{FAE04EC0-301F-11D3-BF4B-00C04F79EFBC}") = "Project Eternity Cutscene", "Core\Project Eternity Cutscene\Project Eternity Cutscene.csproj", "{7EE3C972-F915-4491-99A2-E654E634405F}"
EndProject
Project("{FAE04EC0-301F-11D3-BF4B-00C04F79EFBC}") = "Project Eternity Scene", "Core\Project Eternity Scene\Project Eternity Scene.csproj", "{B8B159E0-3C61-4FA9-8CF4-ABC3CD6D9733}"
EndProject
Project("{FAE04EC0-301F-11D3-BF4B-00C04F79EFBC}") = "Project Eternity AI", "Core\Project Eternity AI\Project Eternity AI.csproj", "{F5CD64C0-ABDE-44C7-8AF8-0A47164D5F69}"
EndProject
Project("{FAE04EC0-301F-11D3-BF4B-00C04F79EFBC}") = "Project Eternity Core AIs", "Core\Project Eternity Core AIs\Project Eternity Core AIs.csproj", "{EC194A36-1A2B-4FC7-B02F-9A7B784A6947}"
EndProject
Project("{FAE04EC0-301F-11D3-BF4B-00C04F79EFBC}") = "Project Eternity Game Screen", "Core\Project Eternity Game Screen\Project Eternity Game Screen.csproj", "{DD46B019-61BA-4F24-A7E1-EF212C27CDCE}"
EndProject
Project("{FAE04EC0-301F-11D3-BF4B-00C04F79EFBC}") = "Project Eternity Visual Novel", "Core\Project Eternity Visual Novel\Project Eternity Visual Novel.csproj", "{B6E9FDCE-3C8D-40E6-BB12-F3D0822FDC58}"
EndProject
Project("{FAE04EC0-301F-11D3-BF4B-00C04F79EFBC}") = "Project Eternity Constants", "Core\Project Eternity Constants\Project Eternity Constants.csproj", "{9DB4A4B2-4975-415A-9050-8EC3EC5056A7}"
EndProject
Project("{FAE04EC0-301F-11D3-BF4B-00C04F79EFBC}") = "Project Eternity Base Item", "Core\Project Eternity Base Item\Project Eternity Base Item.csproj", "{EA7A4390-EEBB-43F1-BE86-33177B215695}"
EndProject
Project("{FAE04EC0-301F-11D3-BF4B-00C04F79EFBC}") = "Project Eternity Unit Transforming", "Units\Project Eternity Unit Transforming\Project Eternity Unit Transforming.csproj", "{12C70A66-EA45-4769-AAEA-B7A5AA7048D1}"
EndProject
Project("{FAE04EC0-301F-11D3-BF4B-00C04F79EFBC}") = "Project Eternity Unit Modular", "Units\Project Eternity Unit Modular\Project Eternity Unit Modular.csproj", "{15D58C58-7AE0-4338-9873-ACD4C336CA67}"
EndProject
Project("{FAE04EC0-301F-11D3-BF4B-00C04F79EFBC}") = "Project Eternity Unit Normal", "Units\Project Eternity Unit Normal\Project Eternity Unit Normal.csproj", "{FBED9B93-209A-4322-812E-66BA8516AE18}"
EndProject
Project("{FAE04EC0-301F-11D3-BF4B-00C04F79EFBC}") = "Project Eternity Unit Multi-Form", "Units\Project Eternity Unit Multi-Form\Project Eternity Unit Multi-Form.csproj", "{FA0BB5B5-C4E9-4E5C-BE70-C859C2699CD6}"
EndProject
Project("{FAE04EC0-301F-11D3-BF4B-00C04F79EFBC}") = "Project Eternity Unit Conquest", "Units\Project Eternity Unit Conquest\Project Eternity Unit Conquest.csproj", "{EF17745E-1116-499C-94D0-5D3607EE8FA4}"
EndProject
Project("{FAE04EC0-301F-11D3-BF4B-00C04F79EFBC}") = "XNA Content Builder", "XNA Content Builder\XNA Content Builder.csproj", "{238A19FB-5DAB-4839-9A97-247677B19D60}"
EndProject
Project("{FAE04EC0-301F-11D3-BF4B-00C04F79EFBC}") = "Project Eternity Unit Tester", "Editors\Project Eternity Unit Tester\Project Eternity Unit Tester.csproj", "{C8E0E745-5644-4674-B9B9-05CA7576A1A6}"
EndProject
Project("{FAE04EC0-301F-11D3-BF4B-00C04F79EFBC}") = "Project Eternity AI Editor", "Editors\Project Eternity AI Editor\Project Eternity AI Editor.csproj", "{3CD00066-E1BF-458F-A43C-7EF66282C167}"
EndProject
Project("{FAE04EC0-301F-11D3-BF4B-00C04F79EFBC}") = "Project Eternity Scene Editor", "Editors\Project Eternity Scene Editor\Project Eternity Scene Editor.csproj", "{DF49E7F0-B946-43FD-A228-39FB0BD43AFD}"
EndProject
Project("{FAE04EC0-301F-11D3-BF4B-00C04F79EFBC}") = "Project Eternity Character Skill Editor", "Editors\Project Eternity Character Skill Editor\Project Eternity Character Skill Editor.csproj", "{B6CB9754-EADA-4A23-A249-C33605066756}"
EndProject
Project("{FAE04EC0-301F-11D3-BF4B-00C04F79EFBC}") = "Project Eternity Character Spirit Editor", "Editors\Project Eternity Character Spirit Editor\Project Eternity Character Spirit Editor.csproj", "{5B40132E-3A1F-4CAE-8AEE-9791F7836BC8}"
EndProject
Project("{FAE04EC0-301F-11D3-BF4B-00C04F79EFBC}") = "Project Eternity Unit Transforming Editor", "Editors\Project Eternity Unit Transforming Editor\Project Eternity Unit Transforming Editor.csproj", "{B879C15C-48E7-47CF-9C34-9083123888BD}"
EndProject
Project("{FAE04EC0-301F-11D3-BF4B-00C04F79EFBC}") = "Project Eternity Animation Editor", "Editors\Project Eternity Animation Editor\Project Eternity Animation Editor.csproj", "{6802D9B4-FFA8-4006-AE17-A1AB8FA82F00}"
EndProject
Project("{FAE04EC0-301F-11D3-BF4B-00C04F79EFBC}") = "Project Eternity Character Editor", "Editors\Project Eternity Character Editor\Project Eternity Character Editor.csproj", "{9C938A80-0ED3-45FC-B29F-7D7FA7535342}"
EndProject
Project("{FAE04EC0-301F-11D3-BF4B-00C04F79EFBC}") = "Project Eternity Cutscene Editor", "Editors\Project Eternity Cutscene Editor\Project Eternity Cutscene Editor.csproj", "{61666B4B-6AB0-4989-B04C-6AD02EBD6D1C}"
EndProject
Project("{FAE04EC0-301F-11D3-BF4B-00C04F79EFBC}") = "Project Eternity Image Viewer", "Editors\Project Eternity Image Viewer\Project Eternity Image Viewer.csproj", "{CCF148C7-FEC2-4CD2-BC4F-25BC6C3A102A}"
EndProject
Project("{FAE04EC0-301F-11D3-BF4B-00C04F79EFBC}") = "Project Eternity Map Editor", "Editors\Project Eternity Map Editor\Project Eternity Map Editor.csproj", "{7E9FE48E-9926-4EF4-9B6B-3241841BE67B}"
EndProject
Project("{FAE04EC0-301F-11D3-BF4B-00C04F79EFBC}") = "Project Eternity Music Player", "Editors\Project Eternity Music Player\Project Eternity Music Player.csproj", "{685F0AE0-DBA2-4F21-B25C-581460CD0CFC}"
EndProject
Project("{FAE04EC0-301F-11D3-BF4B-00C04F79EFBC}") = "Project Eternity Unit Modular Editor", "Editors\Project Eternity Unit Modular Editor\Project Eternity Unit Modular Editor.csproj", "{F2ABD6C0-C692-4E27-9925-E8154182B4EC}"
EndProject
Project("{FAE04EC0-301F-11D3-BF4B-00C04F79EFBC}") = "Project Eternity Unit Normal Editor", "Editors\Project Eternity Unit Normal Editor\Project Eternity Unit Normal Editor.csproj", "{110B472F-44EF-46D7-A59E-D2FF74E061C0}"
EndProject
Project("{FAE04EC0-301F-11D3-BF4B-00C04F79EFBC}") = "Project Eternity Visual Novel Editor", "Editors\Project Eternity Visual Novel Editor\Project Eternity Visual Novel Editor.csproj", "{15869D7F-5B08-4D2A-8DC6-78A470A9E250}"
EndProject
Project("{FAE04EC0-301F-11D3-BF4B-00C04F79EFBC}") = "Project Eternity World Map Editor", "Editors\Project Eternity World Map Editor\Project Eternity World Map Editor.csproj", "{7E8E77D8-1114-4190-B51E-A2D8E7B8B830}"
EndProject
Project("{FAE04EC0-301F-11D3-BF4B-00C04F79EFBC}") = "Project Eternity Base Editor", "Editors\Project Eternity Base Editor\Project Eternity Base Editor.csproj", "{FA8993B3-6905-4FE1-9715-CEEFB5CE9B3D}"
EndProject
Project("{FAE04EC0-301F-11D3-BF4B-00C04F79EFBC}") = "Project Eternity Unit Ability Editor", "Editors\Project Eternity Unit Ability Editor\Project Eternity Unit Ability Editor.csproj", "{E200FC57-9E3E-489A-9727-468999D95A90}"
EndProject
Project("{FAE04EC0-301F-11D3-BF4B-00C04F79EFBC}") = "Project Eternity Roster Editor", "Editors\Project Eternity Roster Editor\Project Eternity Roster Editor.csproj", "{CAA74451-92BA-4D52-BA7B-F9341C1E47AC}"
EndProject
Project("{FAE04EC0-301F-11D3-BF4B-00C04F79EFBC}") = "Project Eternity Animation Screen", "Core\Project Eternity Animation Screen\Project Eternity Animation Screen.csproj", "{7297B027-A204-417E-89A0-5ED5A7F525D8}"
EndProject
Project("{FAE04EC0-301F-11D3-BF4B-00C04F79EFBC}") = "Project Eternity Unit Conquest Editor", "Editors\Project Eternity Unit Conquest Editor\Project Eternity Unit Conquest Editor.csproj", "{3163EEFE-D455-40C8-8FAD-A1120BCE92AD}"
EndProject
Project("{FAE04EC0-301F-11D3-BF4B-00C04F79EFBC}") = "Project Eternity Conquest Map Editor", "Editors\Project Eternity Conquest Map Editor\Project Eternity Conquest Map Editor.csproj", "{17AC7C89-094C-4B7E-B013-BF408776125B}"
EndProject
Project("{FAE04EC0-301F-11D3-BF4B-00C04F79EFBC}") = "Project Eternity Attack Editor", "Editors\Project Eternity Attack Editor\Project Eternity Attack Editor.csproj", "{4E01D29C-40A8-47E3-8F62-124919EE06C6}"
EndProject
Project("{FAE04EC0-301F-11D3-BF4B-00C04F79EFBC}") = "Project Eternity Unit Triple Thunder Editor", "Editors\Project Eternity Unit Triple Thunder Editor\Project Eternity Unit Triple Thunder Editor.csproj", "{CDAD162E-A2E4-4A4E-B3D9-340699F120E8}"
EndProject
Project("{FAE04EC0-301F-11D3-BF4B-00C04F79EFBC}") = "Project Eternity Animation Background Editor", "Editors\Project Eternity Animation Background Editor\Project Eternity Animation Background Editor.csproj", "{49E85ED4-0B63-47B0-B935-16B328EDEE45}"
EndProject
Project("{FAE04EC0-301F-11D3-BF4B-00C04F79EFBC}") = "Project Eternity Triple Thunder Editor", "Editors\Project Eternity Triple Thunder Editor\Project Eternity Triple Thunder Editor.csproj", "{7BEC961F-8CC2-47C9-8C44-0E13A5294B79}"
EndProject
Project("{FAE04EC0-301F-11D3-BF4B-00C04F79EFBC}") = "Project Eternity Super Tank Editor", "Editors\Project Eternity Super Tank Editor\Project Eternity Super Tank Editor.csproj", "{8B38C75A-0FFF-4C3F-8E63-5AE7ED8BB9E5}"
EndProject
Project("{FAE04EC0-301F-11D3-BF4B-00C04F79EFBC}") = "Project Eternity Parts Editor", "Editors\Project Eternity Parts Editor\Project Eternity Parts Editor.csproj", "{0AA352F8-C6F9-4920-82F9-27135F01C4E9}"
EndProject
Project("{FAE04EC0-301F-11D3-BF4B-00C04F79EFBC}") = "Project Eternity System List Editor", "Editors\Project Eternity System List Editor\Project Eternity System List Editor.csproj", "{8CD134E1-2C2F-4A5D-AF05-9B89A04F9B41}"
EndProject
Project("{FAE04EC0-301F-11D3-BF4B-00C04F79EFBC}") = "Project Eternity Unit Multi-Form Editor", "Editors\Project Eternity Unit Multi-Form Editor\Project Eternity Unit Multi-Form Editor.csproj", "{E04D59F1-BE74-47B8-8E78-418B1A9CD37E}"
EndProject
Project("{FAE04EC0-301F-11D3-BF4B-00C04F79EFBC}") = "Project Eternity Tileset Editor", "Editors\Project Eternity Tileset Editor\Project Eternity Tileset Editor.csproj", "{ABDD40FC-363A-4E8E-9185-9E517776BE65}"
EndProject
Project("{2150E333-8FDC-42A3-9474-1A3956D46DE8}") = "Project Eternity Battle Map", "Project Eternity Battle Map", "{C3D7FA27-03E1-44B0-ADF9-1FE00A076CD6}"
EndProject
Project("{FAE04EC0-301F-11D3-BF4B-00C04F79EFBC}") = "Project Eternity Battle Map", "Mods\Project Eternity Battle Map\Project Eternity Battle Map.csproj", "{D6FC98BD-A6EE-4223-B995-65299D714A4C}"
EndProject
Project("{FAE04EC0-301F-11D3-BF4B-00C04F79EFBC}") = "Project Eternity Battle Map Effects", "Mods\Project Eternity Battle Map Effects\Project Eternity Battle Map Effects.csproj", "{520F4163-583B-4C89-8491-8280A9AEA0CF}"
EndProject
Project("{FAE04EC0-301F-11D3-BF4B-00C04F79EFBC}") = "Project Eternity Battle Map Scripts", "Mods\Project Eternity Battle Map Scripts\Project Eternity Battle Map Scripts.csproj", "{C9DCC447-A1E1-45DE-AFDB-A3BD4F200F02}"
EndProject
Project("{FAE04EC0-301F-11D3-BF4B-00C04F79EFBC}") = "Project Eternity Deathmatch Map", "Mods\Project Eternity Deathmatch Map\Project Eternity Deathmatch Map.csproj", "{24157076-0F9F-4FAB-8E32-76B4320C28B9}"
EndProject
Project("{2150E333-8FDC-42A3-9474-1A3956D46DE8}") = "Project Eternity Deathmatch Map", "Project Eternity Deathmatch Map", "{91335A24-5729-4ACA-AFDE-C08AA961AD6B}"
EndProject
Project("{FAE04EC0-301F-11D3-BF4B-00C04F79EFBC}") = "Project Eternity Deathmatch Map AI", "Mods\Project Eternity Deathmatch Map AI\Project Eternity Deathmatch Map AI.csproj", "{C6FF4ABD-9427-4002-98F9-EEB2F75645BF}"
EndProject
Project("{FAE04EC0-301F-11D3-BF4B-00C04F79EFBC}") = "Project Eternity Deathmatch Effects", "Mods\Project Eternity Deathmatch Effects\Project Eternity Deathmatch Effects.csproj", "{2ADC67E7-75EA-4CC1-8E68-988928FB8497}"
EndProject
Project("{FAE04EC0-301F-11D3-BF4B-00C04F79EFBC}") = "Project Eternity Deathmatch Map Scripts", "Mods\Project Eternity Deathmatch Map Scripts\Project Eternity Deathmatch Map Scripts.csproj", "{EC6EB478-22E3-46EF-AD91-E801A7611AC7}"
EndProject
Project("{FAE04EC0-301F-11D3-BF4B-00C04F79EFBC}") = "Project Eternity Deathmatch Map Timelines", "Mods\Project Eternity Deathmatch Map Timelines\Project Eternity Deathmatch Map Timelines.csproj", "{5F05F815-0A6B-43E7-A254-39D0409BFE8E}"
EndProject
Project("{FAE04EC0-301F-11D3-BF4B-00C04F79EFBC}") = "Project Eternity Super Tank", "Mods\Project Eternity Super Tank\Project Eternity Super Tank.csproj", "{2DAB67B9-2090-4E3A-9955-9C280CAA4076}"
EndProject
Project("{2150E333-8FDC-42A3-9474-1A3956D46DE8}") = "Project Eternity Triple Thunder", "Project Eternity Triple Thunder", "{D7ECA32D-B126-4D0D-BBCF-977183720134}"
EndProject
Project("{FAE04EC0-301F-11D3-BF4B-00C04F79EFBC}") = "Project Eternity Triple Thunder", "Mods\Project Eternity Triple Thunder\Project Eternity Triple Thunder.csproj", "{D2AFF601-4DF2-466B-91EB-3AA010668360}"
EndProject
Project("{FAE04EC0-301F-11D3-BF4B-00C04F79EFBC}") = "Project Eternity Triple Thunder Timelines", "Mods\Project Eternity Triple Thunder Timelines\Project Eternity Triple Thunder Timelines.csproj", "{4827C580-A62B-404B-A9E6-AAEA001F6DE6}"
EndProject
Project("{FAE04EC0-301F-11D3-BF4B-00C04F79EFBC}") = "Project Eternity Triple Thunder AI", "Mods\Project Eternity Triple Thunder AI\Project Eternity Triple Thunder AI.csproj", "{34CB7C9F-49E1-4276-A206-96806BE5072A}"
EndProject
Project("{FAE04EC0-301F-11D3-BF4B-00C04F79EFBC}") = "Project Eternity World Map", "Mods\Project Eternity World Map\Project Eternity World Map.csproj", "{25BFEC13-3A4E-4F04-81EF-4E372555F9CA}"
EndProject
Project("{FAE04EC0-301F-11D3-BF4B-00C04F79EFBC}") = "Project Eternity Unit Tests", "Project Eternity Unit Tests\Project Eternity Unit Tests.csproj", "{7C11554E-4976-4E8D-8893-595ADF1C8E68}"
	ProjectSection(ProjectDependencies) = postProject
		{D2AFF601-4DF2-466B-91EB-3AA010668360} = {D2AFF601-4DF2-466B-91EB-3AA010668360}
		{43A63F0B-EE44-4769-BEEC-12C717B28A6F} = {43A63F0B-EE44-4769-BEEC-12C717B28A6F}
		{25BFEC13-3A4E-4F04-81EF-4E372555F9CA} = {25BFEC13-3A4E-4F04-81EF-4E372555F9CA}
		{7297B027-A204-417E-89A0-5ED5A7F525D8} = {7297B027-A204-417E-89A0-5ED5A7F525D8}
		{BC99272F-8CE3-4143-B111-328F76C5AA81} = {BC99272F-8CE3-4143-B111-328F76C5AA81}
		{012E2049-DB0D-47F1-B267-7E7C6BA5B9D0} = {012E2049-DB0D-47F1-B267-7E7C6BA5B9D0}
		{15D58C58-7AE0-4338-9873-ACD4C336CA67} = {15D58C58-7AE0-4338-9873-ACD4C336CA67}
		{EF17745E-1116-499C-94D0-5D3607EE8FA4} = {EF17745E-1116-499C-94D0-5D3607EE8FA4}
		{12C70A66-EA45-4769-AAEA-B7A5AA7048D1} = {12C70A66-EA45-4769-AAEA-B7A5AA7048D1}
		{DFB48E6D-A44C-4784-89A3-86F21A108531} = {DFB48E6D-A44C-4784-89A3-86F21A108531}
		{4827C580-A62B-404B-A9E6-AAEA001F6DE6} = {4827C580-A62B-404B-A9E6-AAEA001F6DE6}
		{4EEEA09D-CFBC-43A7-9491-1D7738FC49E7} = {4EEEA09D-CFBC-43A7-9491-1D7738FC49E7}
		{34CB7C9F-49E1-4276-A206-96806BE5072A} = {34CB7C9F-49E1-4276-A206-96806BE5072A}
		{9DB4A4B2-4975-415A-9050-8EC3EC5056A7} = {9DB4A4B2-4975-415A-9050-8EC3EC5056A7}
		{FA0BB5B5-C4E9-4E5C-BE70-C859C2699CD6} = {FA0BB5B5-C4E9-4E5C-BE70-C859C2699CD6}
		{2DAB67B9-2090-4E3A-9955-9C280CAA4076} = {2DAB67B9-2090-4E3A-9955-9C280CAA4076}
		{B6E9FDCE-3C8D-40E6-BB12-F3D0822FDC58} = {B6E9FDCE-3C8D-40E6-BB12-F3D0822FDC58}
		{E91E70D4-DA94-403B-952B-8E3EB630E8E0} = {E91E70D4-DA94-403B-952B-8E3EB630E8E0}
		{0D169FDC-E838-4ACB-9BA6-F7EA13E31C3F} = {0D169FDC-E838-4ACB-9BA6-F7EA13E31C3F}
		{B8B159E0-3C61-4FA9-8CF4-ABC3CD6D9733} = {B8B159E0-3C61-4FA9-8CF4-ABC3CD6D9733}
		{E16F59F6-9776-4DB4-813A-59DB1B39B636} = {E16F59F6-9776-4DB4-813A-59DB1B39B636}
	EndProjectSection
EndProject
Project("{2150E333-8FDC-42A3-9474-1A3956D46DE8}") = "Project Eternity Conquest Map", "Project Eternity Conquest Map", "{53F9BF22-D276-41D6-AC12-A6FDD8852512}"
EndProject
Project("{FAE04EC0-301F-11D3-BF4B-00C04F79EFBC}") = "Project Eternity Conquest Map", "Mods\Project Eternity Conquest Map\Project Eternity Conquest Map.csproj", "{E91E70D4-DA94-403B-952B-8E3EB630E8E0}"
EndProject
Project("{FAE04EC0-301F-11D3-BF4B-00C04F79EFBC}") = "Project Eternity Conquest Scripts", "Mods\Project Eternity Conquest Scripts\Project Eternity Conquest Scripts.csproj", "{012E2049-DB0D-47F1-B267-7E7C6BA5B9D0}"
EndProject
Project("{FAE04EC0-301F-11D3-BF4B-00C04F79EFBC}") = "Project Eternity Racing", "Mods\Project Eternity Racing\Project Eternity Racing.csproj", "{AB427185-63C7-4FAA-8622-2D960B773310}"
EndProject
Project("{FAE04EC0-301F-11D3-BF4B-00C04F79EFBC}") = "Project Eternity Racing Editor", "Editors\Project Eternity Racing Editor\Project Eternity Racing Editor.csproj", "{AAB2E5FE-0DC2-4154-9371-1C9A30ED6574}"
EndProject
Project("{FAE04EC0-301F-11D3-BF4B-00C04F79EFBC}") = "Project Eternity Unit Combining Editor", "Editors\Project Eternity Unit Combining Editor\Project Eternity Unit Combining Editor.csproj", "{8EF945E4-F270-4867-A363-08896EC16F2F}"
EndProject
Project("{FAE04EC0-301F-11D3-BF4B-00C04F79EFBC}") = "Project Eternity Unit Combining", "Units\Project Eternity Unit Combining\Project Eternity Unit Combining.csproj", "{0D169FDC-E838-4ACB-9BA6-F7EA13E31C3F}"
EndProject
Project("{FAE04EC0-301F-11D3-BF4B-00C04F79EFBC}") = "Project Eternity Triple Thunder Effects", "Mods\Project Eternity Triple Thunder Effects\Project Eternity Triple Thunder Effects.csproj", "{38AA67E8-4515-4B65-ACC0-6DDEB7E263AD}"
EndProject
Project("{FAE04EC0-301F-11D3-BF4B-00C04F79EFBC}") = "Project Eternity Unit Builder", "Units\Project Eternity Unit Builder\Project Eternity Unit Builder.csproj", "{43A63F0B-EE44-4769-BEEC-12C717B28A6F}"
EndProject
Project("{FAE04EC0-301F-11D3-BF4B-00C04F79EFBC}") = "Project Eternity Unit Builder Editor", "Editors\Project Eternity Unit Builder Editor\Project Eternity Unit Builder Editor.csproj", "{7E8A290E-9709-4142-92AA-EA419B5674BA}"
EndProject
Project("{FAE04EC0-301F-11D3-BF4B-00C04F79EFBC}") = "Project Eternity Control Helper", "Core\Project Eternity Control Helper\Project Eternity Control Helper.csproj", "{E16F59F6-9776-4DB4-813A-59DB1B39B636}"
EndProject
Project("{FAE04EC0-301F-11D3-BF4B-00C04F79EFBC}") = "Project Eternity Online", "Core\Project Eternity Online\Project Eternity Online.csproj", "{B59FAA7C-E4DB-4E01-82FB-3C3CDA7EEBD7}"
EndProject
Project("{FAE04EC0-301F-11D3-BF4B-00C04F79EFBC}") = "Project Eternity Relationship Editor", "Editors\Project Eternity Relationship Editor\Project Eternity Relationship Editor.csproj", "{2E7B2F0F-1B53-4D28-9686-854EC898BBC5}"
EndProject
Project("{FAE04EC0-301F-11D3-BF4B-00C04F79EFBC}") = "Project Eternity Unit Hub", "Units\Project Eternity Unit Hub\Project Eternity Unit Hub.csproj", "{BC99272F-8CE3-4143-B111-328F76C5AA81}"
EndProject
Project("{FAE04EC0-301F-11D3-BF4B-00C04F79EFBC}") = "Project Eternity Unit Hub Editor", "Editors\Project Eternity Unit Hub Editor\Project Eternity Unit Hub Editor.csproj", "{EA65A5F3-E460-4749-B05C-5BCEA9427CFA}"
EndProject
Project("{FAE04EC0-301F-11D3-BF4B-00C04F79EFBC}") = "Project Eternity Unit Magic", "Units\Project Eternity Unit Magic\Project Eternity Unit Magic.csproj", "{4FE19DB0-80C0-443D-BDB4-9D715F122C70}"
EndProject
Project("{FAE04EC0-301F-11D3-BF4B-00C04F79EFBC}") = "Project Eternity Magic", "Core\Project Eternity Magic\Project Eternity Magic.csproj", "{1283EA14-32A1-4D1E-A2AF-F5B03823CB02}"
EndProject
Project("{FAE04EC0-301F-11D3-BF4B-00C04F79EFBC}") = "Project Eternity Unit Magic Editor", "Editors\Project Eternity Unit Magic Editor\Project Eternity Unit Magic Editor.csproj", "{BD3AF31A-AE39-406F-9ABB-BD64927B113D}"
EndProject
Project("{FAE04EC0-301F-11D3-BF4B-00C04F79EFBC}") = "Project Eternity Spell Editor", "Editors\Project Eternity Spell Editor\Project Eternity Spell Editor.csproj", "{EDCD00A5-9DBE-4B19-A508-BBC7B66A53F6}"
EndProject
Project("{FAE04EC0-301F-11D3-BF4B-00C04F79EFBC}") = "Project Eternity Core Magic", "Core\Project Eternity Core Magic\Project Eternity Core Magic.csproj", "{7799963E-6A03-413B-954D-FF12D0104092}"
EndProject
Project("{FAE04EC0-301F-11D3-BF4B-00C04F79EFBC}") = "Project Eternity Conquest Map AI", "Mods\Project Eternity Conquest Map AI\Project Eternity Conquest Map AI.csproj", "{05A40AE7-F825-4B4E-A4D4-9B72BF5BDB4D}"
EndProject
Project("{FAE04EC0-301F-11D3-BF4B-00C04F79EFBC}") = "Project Eternity Sorcerer Street Editor", "Editors\Project Eternity Sorcerer Street Editor\Project Eternity Sorcerer Street Editor.csproj", "{AA868A2E-28BC-4659-BFE8-E41925A98F65}"
EndProject
Project("{2150E333-8FDC-42A3-9474-1A3956D46DE8}") = "Project Eternity Sorcerer Street", "Project Eternity Sorcerer Street", "{B7DECFC1-4C7D-41F1-B151-91C9734B5216}"
EndProject
Project("{FAE04EC0-301F-11D3-BF4B-00C04F79EFBC}") = "Project Eternity Sorcerer Street", "Mods\Project Eternity Sorcerer Street\Project Eternity Sorcerer Street.csproj", "{1A6E23C4-0FFD-4C13-9FC5-3675F82F9251}"
EndProject
Project("{FAE04EC0-301F-11D3-BF4B-00C04F79EFBC}") = "Project Eternity Sorcerer Street Scripts", "Mods\Project Eternity Sorcerer Street Scripts\Project Eternity Sorcerer Street Scripts.csproj", "{CB130281-8E14-4EA6-94F5-863DB03FC292}"
EndProject
Project("{FAE04EC0-301F-11D3-BF4B-00C04F79EFBC}") = "Project Eternity Sorcerer Street Effects", "Mods\Project Eternity Sorcerer Street Effects\Project Eternity Sorcerer Street Effects.csproj", "{722F9B71-DA49-433C-B048-267A84B270E4}"
EndProject
Project("{2150E333-8FDC-42A3-9474-1A3956D46DE8}") = "Project Eternity Adventure Map", "Project Eternity Adventure Map", "{AB94E337-2F8B-4A49-9858-DBB22FFC51AA}"
EndProject
Project("{FAE04EC0-301F-11D3-BF4B-00C04F79EFBC}") = "Project Eternity Adventure Map", "Mods\Project Eternity Adventure Map\Project Eternity Adventure Map.csproj", "{5FFB04A9-36BA-4020-9FD9-DE0D690C2925}"
EndProject
Project("{2150E333-8FDC-42A3-9474-1A3956D46DE8}") = "Editors Extensions", "Editors Extensions", "{EC3B068E-55FA-4E2F-BED5-35AB79D65DDD}"
EndProject
Project("{FAE04EC0-301F-11D3-BF4B-00C04F79EFBC}") = "Project Eternity Visual Novel Editor Battle Map Extension", "Editors Extensions\Project Eternity Visual Novel Editor Battle Map Extension\Project Eternity Visual Novel Editor Battle Map Extension.csproj", "{3A5AA202-D814-4013-B054-C2296D4EBF71}"
EndProject
Project("{FAE04EC0-301F-11D3-BF4B-00C04F79EFBC}") = "Project Eternity Adventure Editor", "Editors\Project Eternity Adventure Editor\Project Eternity Adventure Editor.csproj", "{25362CAA-0D41-4021-B2BB-D27F735D95B2}"
EndProject
Project("{FAE04EC0-301F-11D3-BF4B-00C04F79EFBC}") = "Project Eternity Triple Thunder Server", "Mods\Project Eternity Triple Thunder Server\Project Eternity Triple Thunder Server.csproj", "{A1AF9211-44CA-4EC9-ADC3-3C00907F9F09}"
	ProjectSection(ProjectDependencies) = postProject
		{4827C580-A62B-404B-A9E6-AAEA001F6DE6} = {4827C580-A62B-404B-A9E6-AAEA001F6DE6}
		{34CB7C9F-49E1-4276-A206-96806BE5072A} = {34CB7C9F-49E1-4276-A206-96806BE5072A}
		{247D5BE1-7562-4E11-9308-7C69D19276BC} = {247D5BE1-7562-4E11-9308-7C69D19276BC}
		{38AA67E8-4515-4B65-ACC0-6DDEB7E263AD} = {38AA67E8-4515-4B65-ACC0-6DDEB7E263AD}
	EndProjectSection
EndProject
Project("{FAE04EC0-301F-11D3-BF4B-00C04F79EFBC}") = "Project Eternity Triple Thunder Scripts", "Mods\Project Eternity Triple Thunder Scripts\Project Eternity Triple Thunder Scripts.csproj", "{770F081B-9301-451C-999C-A81EEC75D141}"
EndProject
Project("{FAE04EC0-301F-11D3-BF4B-00C04F79EFBC}") = "Project Eternity Communication Server", "Project Eternity Communication Server\Project Eternity Communication Server.csproj", "{81E0FCC6-B04E-40CA-8FFB-4381799FDAA0}"
EndProject
Project("{FAE04EC0-301F-11D3-BF4B-00C04F79EFBC}") = "Database", "External\Database\Database.csproj", "{4304B49F-E5A9-4E1F-8AB4-5D3CC8C33B28}"
EndProject
Project("{FAE04EC0-301F-11D3-BF4B-00C04F79EFBC}") = "FMOD", "External\FMOD\FMOD.csproj", "{DFB48E6D-A44C-4784-89A3-86F21A108531}"
EndProject
Project("{FAE04EC0-301F-11D3-BF4B-00C04F79EFBC}") = "Microsoft Content Builder", "External\Microsoft Content Builder\Microsoft Content Builder.csproj", "{E10F9F43-11F8-4280-B4FF-F50AD02D8F8B}"
EndProject
Project("{FAE04EC0-301F-11D3-BF4B-00C04F79EFBC}") = "Roslyn", "External\Roslyn\Roslyn.csproj", "{4EEEA09D-CFBC-43A7-9491-1D7738FC49E7}"
EndProject
Project("{FAE04EC0-301F-11D3-BF4B-00C04F79EFBC}") = "Triple Thunder Database", "External\Triple Thunder Database\Triple Thunder Database.csproj", "{E9D61AF1-DB9E-4751-8C0A-A799CDBE2D14}"
EndProject
Project("{FAE04EC0-301F-11D3-BF4B-00C04F79EFBC}") = "Battle Map Database", "External\Battle Map Database\Battle Map Database.csproj", "{F21BD401-EDD0-4B99-A62D-19A909F4B728}"
EndProject
Project("{FAE04EC0-301F-11D3-BF4B-00C04F79EFBC}") = "Project Eternity Battle Map Server", "Mods\Project Eternity Battle Map Server\Project Eternity Battle Map Server.csproj", "{E23B75A9-B6AE-44EF-A91E-5A3E08062DF0}"
EndProject
Global
	GlobalSection(SolutionConfigurationPlatforms) = preSolution
		Debug|x86 = Debug|x86
		Release|x86 = Release|x86
	EndGlobalSection
	GlobalSection(ProjectConfigurationPlatforms) = postSolution
		{410CD1AA-20CE-4F1B-ABD1-DBAB0C475329}.Debug|x86.ActiveCfg = Debug|x86
		{410CD1AA-20CE-4F1B-ABD1-DBAB0C475329}.Debug|x86.Build.0 = Debug|x86
		{410CD1AA-20CE-4F1B-ABD1-DBAB0C475329}.Release|x86.ActiveCfg = Release|x86
		{410CD1AA-20CE-4F1B-ABD1-DBAB0C475329}.Release|x86.Build.0 = Release|x86
		{5F22D8B8-46BE-4022-8EF7-53B8C0AE6302}.Debug|x86.ActiveCfg = Debug|x86
		{5F22D8B8-46BE-4022-8EF7-53B8C0AE6302}.Debug|x86.Build.0 = Debug|x86
		{5F22D8B8-46BE-4022-8EF7-53B8C0AE6302}.Release|x86.ActiveCfg = Release|x86
		{5F22D8B8-46BE-4022-8EF7-53B8C0AE6302}.Release|x86.Build.0 = Release|x86
		{CDAA3AB3-E13B-430F-BCCC-31A7CE9E197F}.Debug|x86.ActiveCfg = Debug|x86
		{CDAA3AB3-E13B-430F-BCCC-31A7CE9E197F}.Debug|x86.Build.0 = Debug|x86
		{CDAA3AB3-E13B-430F-BCCC-31A7CE9E197F}.Release|x86.ActiveCfg = Release|x86
		{CDAA3AB3-E13B-430F-BCCC-31A7CE9E197F}.Release|x86.Build.0 = Release|x86
		{43CF453B-8BD0-494F-B4A8-CCB6F0A2C469}.Debug|x86.ActiveCfg = Debug|x86
		{43CF453B-8BD0-494F-B4A8-CCB6F0A2C469}.Debug|x86.Build.0 = Debug|x86
		{43CF453B-8BD0-494F-B4A8-CCB6F0A2C469}.Release|x86.ActiveCfg = Release|x86
		{43CF453B-8BD0-494F-B4A8-CCB6F0A2C469}.Release|x86.Build.0 = Release|x86
		{4443915C-152E-44F3-BD60-766080C0C0F0}.Debug|x86.ActiveCfg = Debug|x86
		{4443915C-152E-44F3-BD60-766080C0C0F0}.Debug|x86.Build.0 = Debug|x86
		{4443915C-152E-44F3-BD60-766080C0C0F0}.Release|x86.ActiveCfg = Release|x86
		{4443915C-152E-44F3-BD60-766080C0C0F0}.Release|x86.Build.0 = Release|x86
		{60AC9427-F1D2-4FB9-B470-87E3E56B763E}.Debug|x86.ActiveCfg = Debug|x86
		{60AC9427-F1D2-4FB9-B470-87E3E56B763E}.Debug|x86.Build.0 = Debug|x86
		{60AC9427-F1D2-4FB9-B470-87E3E56B763E}.Release|x86.ActiveCfg = Release|x86
		{60AC9427-F1D2-4FB9-B470-87E3E56B763E}.Release|x86.Build.0 = Release|x86
		{52E085D2-F20C-4988-93BB-71088C38E378}.Debug|x86.ActiveCfg = Debug|x86
		{52E085D2-F20C-4988-93BB-71088C38E378}.Debug|x86.Build.0 = Debug|x86
		{52E085D2-F20C-4988-93BB-71088C38E378}.Release|x86.ActiveCfg = Release|x86
		{52E085D2-F20C-4988-93BB-71088C38E378}.Release|x86.Build.0 = Release|x86
		{247D5BE1-7562-4E11-9308-7C69D19276BC}.Debug|x86.ActiveCfg = Debug|x86
		{247D5BE1-7562-4E11-9308-7C69D19276BC}.Debug|x86.Build.0 = Debug|x86
		{247D5BE1-7562-4E11-9308-7C69D19276BC}.Release|x86.ActiveCfg = Release|x86
		{247D5BE1-7562-4E11-9308-7C69D19276BC}.Release|x86.Build.0 = Release|x86
		{7EE3C972-F915-4491-99A2-E654E634405F}.Debug|x86.ActiveCfg = Debug|x86
		{7EE3C972-F915-4491-99A2-E654E634405F}.Debug|x86.Build.0 = Debug|x86
		{7EE3C972-F915-4491-99A2-E654E634405F}.Release|x86.ActiveCfg = Release|x86
		{7EE3C972-F915-4491-99A2-E654E634405F}.Release|x86.Build.0 = Release|x86
		{B8B159E0-3C61-4FA9-8CF4-ABC3CD6D9733}.Debug|x86.ActiveCfg = Debug|x86
		{B8B159E0-3C61-4FA9-8CF4-ABC3CD6D9733}.Debug|x86.Build.0 = Debug|x86
		{B8B159E0-3C61-4FA9-8CF4-ABC3CD6D9733}.Release|x86.ActiveCfg = Release|x86
		{B8B159E0-3C61-4FA9-8CF4-ABC3CD6D9733}.Release|x86.Build.0 = Release|x86
		{F5CD64C0-ABDE-44C7-8AF8-0A47164D5F69}.Debug|x86.ActiveCfg = Debug|x86
		{F5CD64C0-ABDE-44C7-8AF8-0A47164D5F69}.Debug|x86.Build.0 = Debug|x86
		{F5CD64C0-ABDE-44C7-8AF8-0A47164D5F69}.Release|x86.ActiveCfg = Release|x86
		{F5CD64C0-ABDE-44C7-8AF8-0A47164D5F69}.Release|x86.Build.0 = Release|x86
		{EC194A36-1A2B-4FC7-B02F-9A7B784A6947}.Debug|x86.ActiveCfg = Debug|x86
		{EC194A36-1A2B-4FC7-B02F-9A7B784A6947}.Debug|x86.Build.0 = Debug|x86
		{EC194A36-1A2B-4FC7-B02F-9A7B784A6947}.Release|x86.ActiveCfg = Release|x86
		{EC194A36-1A2B-4FC7-B02F-9A7B784A6947}.Release|x86.Build.0 = Release|x86
		{DD46B019-61BA-4F24-A7E1-EF212C27CDCE}.Debug|x86.ActiveCfg = Debug|x86
		{DD46B019-61BA-4F24-A7E1-EF212C27CDCE}.Debug|x86.Build.0 = Debug|x86
		{DD46B019-61BA-4F24-A7E1-EF212C27CDCE}.Release|x86.ActiveCfg = Release|x86
		{DD46B019-61BA-4F24-A7E1-EF212C27CDCE}.Release|x86.Build.0 = Release|x86
		{B6E9FDCE-3C8D-40E6-BB12-F3D0822FDC58}.Debug|x86.ActiveCfg = Debug|x86
		{B6E9FDCE-3C8D-40E6-BB12-F3D0822FDC58}.Debug|x86.Build.0 = Debug|x86
		{B6E9FDCE-3C8D-40E6-BB12-F3D0822FDC58}.Release|x86.ActiveCfg = Release|x86
		{B6E9FDCE-3C8D-40E6-BB12-F3D0822FDC58}.Release|x86.Build.0 = Release|x86
		{9DB4A4B2-4975-415A-9050-8EC3EC5056A7}.Debug|x86.ActiveCfg = Debug|x86
		{9DB4A4B2-4975-415A-9050-8EC3EC5056A7}.Debug|x86.Build.0 = Debug|x86
		{9DB4A4B2-4975-415A-9050-8EC3EC5056A7}.Release|x86.ActiveCfg = Release|x86
		{9DB4A4B2-4975-415A-9050-8EC3EC5056A7}.Release|x86.Build.0 = Release|x86
		{EA7A4390-EEBB-43F1-BE86-33177B215695}.Debug|x86.ActiveCfg = Debug|x86
		{EA7A4390-EEBB-43F1-BE86-33177B215695}.Debug|x86.Build.0 = Debug|x86
		{EA7A4390-EEBB-43F1-BE86-33177B215695}.Release|x86.ActiveCfg = Release|x86
		{EA7A4390-EEBB-43F1-BE86-33177B215695}.Release|x86.Build.0 = Release|x86
		{12C70A66-EA45-4769-AAEA-B7A5AA7048D1}.Debug|x86.ActiveCfg = Debug|x86
		{12C70A66-EA45-4769-AAEA-B7A5AA7048D1}.Debug|x86.Build.0 = Debug|x86
		{12C70A66-EA45-4769-AAEA-B7A5AA7048D1}.Release|x86.ActiveCfg = Release|x86
		{12C70A66-EA45-4769-AAEA-B7A5AA7048D1}.Release|x86.Build.0 = Release|x86
		{15D58C58-7AE0-4338-9873-ACD4C336CA67}.Debug|x86.ActiveCfg = Debug|x86
		{15D58C58-7AE0-4338-9873-ACD4C336CA67}.Debug|x86.Build.0 = Debug|x86
		{15D58C58-7AE0-4338-9873-ACD4C336CA67}.Release|x86.ActiveCfg = Release|x86
		{15D58C58-7AE0-4338-9873-ACD4C336CA67}.Release|x86.Build.0 = Release|x86
		{FBED9B93-209A-4322-812E-66BA8516AE18}.Debug|x86.ActiveCfg = Debug|x86
		{FBED9B93-209A-4322-812E-66BA8516AE18}.Debug|x86.Build.0 = Debug|x86
		{FBED9B93-209A-4322-812E-66BA8516AE18}.Release|x86.ActiveCfg = Release|x86
		{FBED9B93-209A-4322-812E-66BA8516AE18}.Release|x86.Build.0 = Release|x86
		{FA0BB5B5-C4E9-4E5C-BE70-C859C2699CD6}.Debug|x86.ActiveCfg = Debug|x86
		{FA0BB5B5-C4E9-4E5C-BE70-C859C2699CD6}.Debug|x86.Build.0 = Debug|x86
		{FA0BB5B5-C4E9-4E5C-BE70-C859C2699CD6}.Release|x86.ActiveCfg = Release|x86
		{FA0BB5B5-C4E9-4E5C-BE70-C859C2699CD6}.Release|x86.Build.0 = Release|x86
		{EF17745E-1116-499C-94D0-5D3607EE8FA4}.Debug|x86.ActiveCfg = Debug|x86
		{EF17745E-1116-499C-94D0-5D3607EE8FA4}.Debug|x86.Build.0 = Debug|x86
		{EF17745E-1116-499C-94D0-5D3607EE8FA4}.Release|x86.ActiveCfg = Release|x86
		{EF17745E-1116-499C-94D0-5D3607EE8FA4}.Release|x86.Build.0 = Release|x86
		{238A19FB-5DAB-4839-9A97-247677B19D60}.Debug|x86.ActiveCfg = Debug|x86
		{238A19FB-5DAB-4839-9A97-247677B19D60}.Debug|x86.Build.0 = Debug|x86
		{238A19FB-5DAB-4839-9A97-247677B19D60}.Release|x86.ActiveCfg = Release|x86
		{238A19FB-5DAB-4839-9A97-247677B19D60}.Release|x86.Build.0 = Release|x86
		{C8E0E745-5644-4674-B9B9-05CA7576A1A6}.Debug|x86.ActiveCfg = Debug|x86
		{C8E0E745-5644-4674-B9B9-05CA7576A1A6}.Debug|x86.Build.0 = Debug|x86
		{C8E0E745-5644-4674-B9B9-05CA7576A1A6}.Release|x86.ActiveCfg = Release|x86
		{C8E0E745-5644-4674-B9B9-05CA7576A1A6}.Release|x86.Build.0 = Release|x86
		{3CD00066-E1BF-458F-A43C-7EF66282C167}.Debug|x86.ActiveCfg = Debug|x86
		{3CD00066-E1BF-458F-A43C-7EF66282C167}.Debug|x86.Build.0 = Debug|x86
		{3CD00066-E1BF-458F-A43C-7EF66282C167}.Release|x86.ActiveCfg = Release|x86
		{3CD00066-E1BF-458F-A43C-7EF66282C167}.Release|x86.Build.0 = Release|x86
		{DF49E7F0-B946-43FD-A228-39FB0BD43AFD}.Debug|x86.ActiveCfg = Debug|x86
		{DF49E7F0-B946-43FD-A228-39FB0BD43AFD}.Debug|x86.Build.0 = Debug|x86
		{DF49E7F0-B946-43FD-A228-39FB0BD43AFD}.Release|x86.ActiveCfg = Release|x86
		{DF49E7F0-B946-43FD-A228-39FB0BD43AFD}.Release|x86.Build.0 = Release|x86
		{B6CB9754-EADA-4A23-A249-C33605066756}.Debug|x86.ActiveCfg = Debug|x86
		{B6CB9754-EADA-4A23-A249-C33605066756}.Debug|x86.Build.0 = Debug|x86
		{B6CB9754-EADA-4A23-A249-C33605066756}.Release|x86.ActiveCfg = Release|x86
		{B6CB9754-EADA-4A23-A249-C33605066756}.Release|x86.Build.0 = Release|x86
		{5B40132E-3A1F-4CAE-8AEE-9791F7836BC8}.Debug|x86.ActiveCfg = Debug|x86
		{5B40132E-3A1F-4CAE-8AEE-9791F7836BC8}.Debug|x86.Build.0 = Debug|x86
		{5B40132E-3A1F-4CAE-8AEE-9791F7836BC8}.Release|x86.ActiveCfg = Release|x86
		{5B40132E-3A1F-4CAE-8AEE-9791F7836BC8}.Release|x86.Build.0 = Release|x86
		{B879C15C-48E7-47CF-9C34-9083123888BD}.Debug|x86.ActiveCfg = Debug|x86
		{B879C15C-48E7-47CF-9C34-9083123888BD}.Debug|x86.Build.0 = Debug|x86
		{B879C15C-48E7-47CF-9C34-9083123888BD}.Release|x86.ActiveCfg = Release|x86
		{B879C15C-48E7-47CF-9C34-9083123888BD}.Release|x86.Build.0 = Release|x86
		{6802D9B4-FFA8-4006-AE17-A1AB8FA82F00}.Debug|x86.ActiveCfg = Debug|x86
		{6802D9B4-FFA8-4006-AE17-A1AB8FA82F00}.Debug|x86.Build.0 = Debug|x86
		{6802D9B4-FFA8-4006-AE17-A1AB8FA82F00}.Release|x86.ActiveCfg = Release|x86
		{6802D9B4-FFA8-4006-AE17-A1AB8FA82F00}.Release|x86.Build.0 = Release|x86
		{9C938A80-0ED3-45FC-B29F-7D7FA7535342}.Debug|x86.ActiveCfg = Debug|x86
		{9C938A80-0ED3-45FC-B29F-7D7FA7535342}.Debug|x86.Build.0 = Debug|x86
		{9C938A80-0ED3-45FC-B29F-7D7FA7535342}.Release|x86.ActiveCfg = Release|x86
		{9C938A80-0ED3-45FC-B29F-7D7FA7535342}.Release|x86.Build.0 = Release|x86
		{61666B4B-6AB0-4989-B04C-6AD02EBD6D1C}.Debug|x86.ActiveCfg = Debug|x86
		{61666B4B-6AB0-4989-B04C-6AD02EBD6D1C}.Debug|x86.Build.0 = Debug|x86
		{61666B4B-6AB0-4989-B04C-6AD02EBD6D1C}.Release|x86.ActiveCfg = Release|x86
		{61666B4B-6AB0-4989-B04C-6AD02EBD6D1C}.Release|x86.Build.0 = Release|x86
		{CCF148C7-FEC2-4CD2-BC4F-25BC6C3A102A}.Debug|x86.ActiveCfg = Debug|x86
		{CCF148C7-FEC2-4CD2-BC4F-25BC6C3A102A}.Debug|x86.Build.0 = Debug|x86
		{CCF148C7-FEC2-4CD2-BC4F-25BC6C3A102A}.Release|x86.ActiveCfg = Release|x86
		{CCF148C7-FEC2-4CD2-BC4F-25BC6C3A102A}.Release|x86.Build.0 = Release|x86
		{7E9FE48E-9926-4EF4-9B6B-3241841BE67B}.Debug|x86.ActiveCfg = Debug|x86
		{7E9FE48E-9926-4EF4-9B6B-3241841BE67B}.Debug|x86.Build.0 = Debug|x86
		{7E9FE48E-9926-4EF4-9B6B-3241841BE67B}.Release|x86.ActiveCfg = Release|x86
		{7E9FE48E-9926-4EF4-9B6B-3241841BE67B}.Release|x86.Build.0 = Release|x86
		{685F0AE0-DBA2-4F21-B25C-581460CD0CFC}.Debug|x86.ActiveCfg = Debug|x86
		{685F0AE0-DBA2-4F21-B25C-581460CD0CFC}.Debug|x86.Build.0 = Debug|x86
		{685F0AE0-DBA2-4F21-B25C-581460CD0CFC}.Release|x86.ActiveCfg = Release|x86
		{685F0AE0-DBA2-4F21-B25C-581460CD0CFC}.Release|x86.Build.0 = Release|x86
		{F2ABD6C0-C692-4E27-9925-E8154182B4EC}.Debug|x86.ActiveCfg = Debug|x86
		{F2ABD6C0-C692-4E27-9925-E8154182B4EC}.Debug|x86.Build.0 = Debug|x86
		{F2ABD6C0-C692-4E27-9925-E8154182B4EC}.Release|x86.ActiveCfg = Release|x86
		{F2ABD6C0-C692-4E27-9925-E8154182B4EC}.Release|x86.Build.0 = Release|x86
		{110B472F-44EF-46D7-A59E-D2FF74E061C0}.Debug|x86.ActiveCfg = Debug|x86
		{110B472F-44EF-46D7-A59E-D2FF74E061C0}.Debug|x86.Build.0 = Debug|x86
		{110B472F-44EF-46D7-A59E-D2FF74E061C0}.Release|x86.ActiveCfg = Release|x86
		{110B472F-44EF-46D7-A59E-D2FF74E061C0}.Release|x86.Build.0 = Release|x86
		{15869D7F-5B08-4D2A-8DC6-78A470A9E250}.Debug|x86.ActiveCfg = Debug|x86
		{15869D7F-5B08-4D2A-8DC6-78A470A9E250}.Debug|x86.Build.0 = Debug|x86
		{15869D7F-5B08-4D2A-8DC6-78A470A9E250}.Release|x86.ActiveCfg = Release|x86
		{15869D7F-5B08-4D2A-8DC6-78A470A9E250}.Release|x86.Build.0 = Release|x86
		{7E8E77D8-1114-4190-B51E-A2D8E7B8B830}.Debug|x86.ActiveCfg = Debug|x86
		{7E8E77D8-1114-4190-B51E-A2D8E7B8B830}.Debug|x86.Build.0 = Debug|x86
		{7E8E77D8-1114-4190-B51E-A2D8E7B8B830}.Release|x86.ActiveCfg = Release|x86
		{7E8E77D8-1114-4190-B51E-A2D8E7B8B830}.Release|x86.Build.0 = Release|x86
		{FA8993B3-6905-4FE1-9715-CEEFB5CE9B3D}.Debug|x86.ActiveCfg = Debug|x86
		{FA8993B3-6905-4FE1-9715-CEEFB5CE9B3D}.Debug|x86.Build.0 = Debug|x86
		{FA8993B3-6905-4FE1-9715-CEEFB5CE9B3D}.Release|x86.ActiveCfg = Release|x86
		{FA8993B3-6905-4FE1-9715-CEEFB5CE9B3D}.Release|x86.Build.0 = Release|x86
		{E200FC57-9E3E-489A-9727-468999D95A90}.Debug|x86.ActiveCfg = Debug|x86
		{E200FC57-9E3E-489A-9727-468999D95A90}.Debug|x86.Build.0 = Debug|x86
		{E200FC57-9E3E-489A-9727-468999D95A90}.Release|x86.ActiveCfg = Release|x86
		{E200FC57-9E3E-489A-9727-468999D95A90}.Release|x86.Build.0 = Release|x86
		{CAA74451-92BA-4D52-BA7B-F9341C1E47AC}.Debug|x86.ActiveCfg = Debug|x86
		{CAA74451-92BA-4D52-BA7B-F9341C1E47AC}.Debug|x86.Build.0 = Debug|x86
		{CAA74451-92BA-4D52-BA7B-F9341C1E47AC}.Release|x86.ActiveCfg = Release|x86
		{CAA74451-92BA-4D52-BA7B-F9341C1E47AC}.Release|x86.Build.0 = Release|x86
		{7297B027-A204-417E-89A0-5ED5A7F525D8}.Debug|x86.ActiveCfg = Debug|x86
		{7297B027-A204-417E-89A0-5ED5A7F525D8}.Debug|x86.Build.0 = Debug|x86
		{7297B027-A204-417E-89A0-5ED5A7F525D8}.Release|x86.ActiveCfg = Release|x86
		{7297B027-A204-417E-89A0-5ED5A7F525D8}.Release|x86.Build.0 = Release|x86
		{3163EEFE-D455-40C8-8FAD-A1120BCE92AD}.Debug|x86.ActiveCfg = Debug|x86
		{3163EEFE-D455-40C8-8FAD-A1120BCE92AD}.Debug|x86.Build.0 = Debug|x86
		{3163EEFE-D455-40C8-8FAD-A1120BCE92AD}.Release|x86.ActiveCfg = Release|x86
		{3163EEFE-D455-40C8-8FAD-A1120BCE92AD}.Release|x86.Build.0 = Release|x86
		{17AC7C89-094C-4B7E-B013-BF408776125B}.Debug|x86.ActiveCfg = Debug|x86
		{17AC7C89-094C-4B7E-B013-BF408776125B}.Debug|x86.Build.0 = Debug|x86
		{17AC7C89-094C-4B7E-B013-BF408776125B}.Release|x86.ActiveCfg = Release|x86
		{17AC7C89-094C-4B7E-B013-BF408776125B}.Release|x86.Build.0 = Release|x86
		{4E01D29C-40A8-47E3-8F62-124919EE06C6}.Debug|x86.ActiveCfg = Debug|x86
		{4E01D29C-40A8-47E3-8F62-124919EE06C6}.Debug|x86.Build.0 = Debug|x86
		{4E01D29C-40A8-47E3-8F62-124919EE06C6}.Release|x86.ActiveCfg = Release|x86
		{4E01D29C-40A8-47E3-8F62-124919EE06C6}.Release|x86.Build.0 = Release|x86
		{CDAD162E-A2E4-4A4E-B3D9-340699F120E8}.Debug|x86.ActiveCfg = Debug|x86
		{CDAD162E-A2E4-4A4E-B3D9-340699F120E8}.Debug|x86.Build.0 = Debug|x86
		{CDAD162E-A2E4-4A4E-B3D9-340699F120E8}.Release|x86.ActiveCfg = Release|x86
		{CDAD162E-A2E4-4A4E-B3D9-340699F120E8}.Release|x86.Build.0 = Release|x86
		{49E85ED4-0B63-47B0-B935-16B328EDEE45}.Debug|x86.ActiveCfg = Debug|x86
		{49E85ED4-0B63-47B0-B935-16B328EDEE45}.Debug|x86.Build.0 = Debug|x86
		{49E85ED4-0B63-47B0-B935-16B328EDEE45}.Release|x86.ActiveCfg = Release|x86
		{49E85ED4-0B63-47B0-B935-16B328EDEE45}.Release|x86.Build.0 = Release|x86
		{7BEC961F-8CC2-47C9-8C44-0E13A5294B79}.Debug|x86.ActiveCfg = Debug|x86
		{7BEC961F-8CC2-47C9-8C44-0E13A5294B79}.Debug|x86.Build.0 = Debug|x86
		{7BEC961F-8CC2-47C9-8C44-0E13A5294B79}.Release|x86.ActiveCfg = Release|x86
		{7BEC961F-8CC2-47C9-8C44-0E13A5294B79}.Release|x86.Build.0 = Release|x86
		{8B38C75A-0FFF-4C3F-8E63-5AE7ED8BB9E5}.Debug|x86.ActiveCfg = Debug|x86
		{8B38C75A-0FFF-4C3F-8E63-5AE7ED8BB9E5}.Debug|x86.Build.0 = Debug|x86
		{8B38C75A-0FFF-4C3F-8E63-5AE7ED8BB9E5}.Release|x86.ActiveCfg = Release|x86
		{8B38C75A-0FFF-4C3F-8E63-5AE7ED8BB9E5}.Release|x86.Build.0 = Release|x86
		{0AA352F8-C6F9-4920-82F9-27135F01C4E9}.Debug|x86.ActiveCfg = Debug|x86
		{0AA352F8-C6F9-4920-82F9-27135F01C4E9}.Debug|x86.Build.0 = Debug|x86
		{0AA352F8-C6F9-4920-82F9-27135F01C4E9}.Release|x86.ActiveCfg = Release|x86
		{0AA352F8-C6F9-4920-82F9-27135F01C4E9}.Release|x86.Build.0 = Release|x86
		{8CD134E1-2C2F-4A5D-AF05-9B89A04F9B41}.Debug|x86.ActiveCfg = Debug|x86
		{8CD134E1-2C2F-4A5D-AF05-9B89A04F9B41}.Debug|x86.Build.0 = Debug|x86
		{8CD134E1-2C2F-4A5D-AF05-9B89A04F9B41}.Release|x86.ActiveCfg = Release|x86
		{8CD134E1-2C2F-4A5D-AF05-9B89A04F9B41}.Release|x86.Build.0 = Release|x86
		{E04D59F1-BE74-47B8-8E78-418B1A9CD37E}.Debug|x86.ActiveCfg = Debug|x86
		{E04D59F1-BE74-47B8-8E78-418B1A9CD37E}.Debug|x86.Build.0 = Debug|x86
		{E04D59F1-BE74-47B8-8E78-418B1A9CD37E}.Release|x86.ActiveCfg = Release|x86
		{E04D59F1-BE74-47B8-8E78-418B1A9CD37E}.Release|x86.Build.0 = Release|x86
		{ABDD40FC-363A-4E8E-9185-9E517776BE65}.Debug|x86.ActiveCfg = Debug|x86
		{ABDD40FC-363A-4E8E-9185-9E517776BE65}.Debug|x86.Build.0 = Debug|x86
		{ABDD40FC-363A-4E8E-9185-9E517776BE65}.Release|x86.ActiveCfg = Release|x86
		{ABDD40FC-363A-4E8E-9185-9E517776BE65}.Release|x86.Build.0 = Release|x86
		{D6FC98BD-A6EE-4223-B995-65299D714A4C}.Debug|x86.ActiveCfg = Debug|x86
		{D6FC98BD-A6EE-4223-B995-65299D714A4C}.Debug|x86.Build.0 = Debug|x86
		{D6FC98BD-A6EE-4223-B995-65299D714A4C}.Release|x86.ActiveCfg = Release|x86
		{D6FC98BD-A6EE-4223-B995-65299D714A4C}.Release|x86.Build.0 = Release|x86
		{520F4163-583B-4C89-8491-8280A9AEA0CF}.Debug|x86.ActiveCfg = Debug|x86
		{520F4163-583B-4C89-8491-8280A9AEA0CF}.Debug|x86.Build.0 = Debug|x86
		{520F4163-583B-4C89-8491-8280A9AEA0CF}.Release|x86.ActiveCfg = Release|x86
		{520F4163-583B-4C89-8491-8280A9AEA0CF}.Release|x86.Build.0 = Release|x86
		{C9DCC447-A1E1-45DE-AFDB-A3BD4F200F02}.Debug|x86.ActiveCfg = Debug|x86
		{C9DCC447-A1E1-45DE-AFDB-A3BD4F200F02}.Debug|x86.Build.0 = Debug|x86
		{C9DCC447-A1E1-45DE-AFDB-A3BD4F200F02}.Release|x86.ActiveCfg = Release|x86
		{C9DCC447-A1E1-45DE-AFDB-A3BD4F200F02}.Release|x86.Build.0 = Release|x86
		{24157076-0F9F-4FAB-8E32-76B4320C28B9}.Debug|x86.ActiveCfg = Debug|x86
		{24157076-0F9F-4FAB-8E32-76B4320C28B9}.Debug|x86.Build.0 = Debug|x86
		{24157076-0F9F-4FAB-8E32-76B4320C28B9}.Release|x86.ActiveCfg = Release|x86
		{24157076-0F9F-4FAB-8E32-76B4320C28B9}.Release|x86.Build.0 = Release|x86
		{C6FF4ABD-9427-4002-98F9-EEB2F75645BF}.Debug|x86.ActiveCfg = Debug|x86
		{C6FF4ABD-9427-4002-98F9-EEB2F75645BF}.Debug|x86.Build.0 = Debug|x86
		{C6FF4ABD-9427-4002-98F9-EEB2F75645BF}.Release|x86.ActiveCfg = Release|x86
		{C6FF4ABD-9427-4002-98F9-EEB2F75645BF}.Release|x86.Build.0 = Release|x86
		{2ADC67E7-75EA-4CC1-8E68-988928FB8497}.Debug|x86.ActiveCfg = Debug|x86
		{2ADC67E7-75EA-4CC1-8E68-988928FB8497}.Debug|x86.Build.0 = Debug|x86
		{2ADC67E7-75EA-4CC1-8E68-988928FB8497}.Release|x86.ActiveCfg = Release|x86
		{2ADC67E7-75EA-4CC1-8E68-988928FB8497}.Release|x86.Build.0 = Release|x86
		{EC6EB478-22E3-46EF-AD91-E801A7611AC7}.Debug|x86.ActiveCfg = Debug|x86
		{EC6EB478-22E3-46EF-AD91-E801A7611AC7}.Debug|x86.Build.0 = Debug|x86
		{EC6EB478-22E3-46EF-AD91-E801A7611AC7}.Release|x86.ActiveCfg = Release|x86
		{EC6EB478-22E3-46EF-AD91-E801A7611AC7}.Release|x86.Build.0 = Release|x86
		{5F05F815-0A6B-43E7-A254-39D0409BFE8E}.Debug|x86.ActiveCfg = Debug|x86
		{5F05F815-0A6B-43E7-A254-39D0409BFE8E}.Debug|x86.Build.0 = Debug|x86
		{5F05F815-0A6B-43E7-A254-39D0409BFE8E}.Release|x86.ActiveCfg = Release|x86
		{5F05F815-0A6B-43E7-A254-39D0409BFE8E}.Release|x86.Build.0 = Release|x86
		{2DAB67B9-2090-4E3A-9955-9C280CAA4076}.Debug|x86.ActiveCfg = Debug|x86
		{2DAB67B9-2090-4E3A-9955-9C280CAA4076}.Debug|x86.Build.0 = Debug|x86
		{2DAB67B9-2090-4E3A-9955-9C280CAA4076}.Release|x86.ActiveCfg = Release|x86
		{2DAB67B9-2090-4E3A-9955-9C280CAA4076}.Release|x86.Build.0 = Release|x86
		{D2AFF601-4DF2-466B-91EB-3AA010668360}.Debug|x86.ActiveCfg = Debug|x86
		{D2AFF601-4DF2-466B-91EB-3AA010668360}.Debug|x86.Build.0 = Debug|x86
		{D2AFF601-4DF2-466B-91EB-3AA010668360}.Release|x86.ActiveCfg = Release|x86
		{D2AFF601-4DF2-466B-91EB-3AA010668360}.Release|x86.Build.0 = Release|x86
		{4827C580-A62B-404B-A9E6-AAEA001F6DE6}.Debug|x86.ActiveCfg = Debug|x86
		{4827C580-A62B-404B-A9E6-AAEA001F6DE6}.Debug|x86.Build.0 = Debug|x86
		{4827C580-A62B-404B-A9E6-AAEA001F6DE6}.Release|x86.ActiveCfg = Release|x86
		{4827C580-A62B-404B-A9E6-AAEA001F6DE6}.Release|x86.Build.0 = Release|x86
		{34CB7C9F-49E1-4276-A206-96806BE5072A}.Debug|x86.ActiveCfg = Debug|x86
		{34CB7C9F-49E1-4276-A206-96806BE5072A}.Debug|x86.Build.0 = Debug|x86
		{34CB7C9F-49E1-4276-A206-96806BE5072A}.Release|x86.ActiveCfg = Release|x86
		{34CB7C9F-49E1-4276-A206-96806BE5072A}.Release|x86.Build.0 = Release|x86
		{25BFEC13-3A4E-4F04-81EF-4E372555F9CA}.Debug|x86.ActiveCfg = Debug|x86
		{25BFEC13-3A4E-4F04-81EF-4E372555F9CA}.Debug|x86.Build.0 = Debug|x86
		{25BFEC13-3A4E-4F04-81EF-4E372555F9CA}.Release|x86.ActiveCfg = Release|x86
		{25BFEC13-3A4E-4F04-81EF-4E372555F9CA}.Release|x86.Build.0 = Release|x86
		{7C11554E-4976-4E8D-8893-595ADF1C8E68}.Debug|x86.ActiveCfg = Debug|x86
		{7C11554E-4976-4E8D-8893-595ADF1C8E68}.Debug|x86.Build.0 = Debug|x86
		{7C11554E-4976-4E8D-8893-595ADF1C8E68}.Release|x86.ActiveCfg = Release|x86
		{E91E70D4-DA94-403B-952B-8E3EB630E8E0}.Debug|x86.ActiveCfg = Debug|x86
		{E91E70D4-DA94-403B-952B-8E3EB630E8E0}.Debug|x86.Build.0 = Debug|x86
		{E91E70D4-DA94-403B-952B-8E3EB630E8E0}.Release|x86.ActiveCfg = Release|x86
		{E91E70D4-DA94-403B-952B-8E3EB630E8E0}.Release|x86.Build.0 = Release|x86
		{012E2049-DB0D-47F1-B267-7E7C6BA5B9D0}.Debug|x86.ActiveCfg = Debug|x86
		{012E2049-DB0D-47F1-B267-7E7C6BA5B9D0}.Debug|x86.Build.0 = Debug|x86
		{012E2049-DB0D-47F1-B267-7E7C6BA5B9D0}.Release|x86.ActiveCfg = Release|x86
		{012E2049-DB0D-47F1-B267-7E7C6BA5B9D0}.Release|x86.Build.0 = Release|x86
		{AB427185-63C7-4FAA-8622-2D960B773310}.Debug|x86.ActiveCfg = Debug|x86
		{AB427185-63C7-4FAA-8622-2D960B773310}.Debug|x86.Build.0 = Debug|x86
		{AB427185-63C7-4FAA-8622-2D960B773310}.Release|x86.ActiveCfg = Release|x86
		{AB427185-63C7-4FAA-8622-2D960B773310}.Release|x86.Build.0 = Release|x86
		{AAB2E5FE-0DC2-4154-9371-1C9A30ED6574}.Debug|x86.ActiveCfg = Debug|x86
		{AAB2E5FE-0DC2-4154-9371-1C9A30ED6574}.Debug|x86.Build.0 = Debug|x86
		{AAB2E5FE-0DC2-4154-9371-1C9A30ED6574}.Release|x86.ActiveCfg = Release|x86
		{AAB2E5FE-0DC2-4154-9371-1C9A30ED6574}.Release|x86.Build.0 = Release|x86
		{8EF945E4-F270-4867-A363-08896EC16F2F}.Debug|x86.ActiveCfg = Debug|x86
		{8EF945E4-F270-4867-A363-08896EC16F2F}.Debug|x86.Build.0 = Debug|x86
		{8EF945E4-F270-4867-A363-08896EC16F2F}.Release|x86.ActiveCfg = Release|x86
		{8EF945E4-F270-4867-A363-08896EC16F2F}.Release|x86.Build.0 = Release|x86
		{0D169FDC-E838-4ACB-9BA6-F7EA13E31C3F}.Debug|x86.ActiveCfg = Debug|x86
		{0D169FDC-E838-4ACB-9BA6-F7EA13E31C3F}.Debug|x86.Build.0 = Debug|x86
		{0D169FDC-E838-4ACB-9BA6-F7EA13E31C3F}.Release|x86.ActiveCfg = Release|x86
		{0D169FDC-E838-4ACB-9BA6-F7EA13E31C3F}.Release|x86.Build.0 = Release|x86
		{38AA67E8-4515-4B65-ACC0-6DDEB7E263AD}.Debug|x86.ActiveCfg = Debug|x86
		{38AA67E8-4515-4B65-ACC0-6DDEB7E263AD}.Debug|x86.Build.0 = Debug|x86
		{38AA67E8-4515-4B65-ACC0-6DDEB7E263AD}.Release|x86.ActiveCfg = Release|x86
		{38AA67E8-4515-4B65-ACC0-6DDEB7E263AD}.Release|x86.Build.0 = Release|x86
		{43A63F0B-EE44-4769-BEEC-12C717B28A6F}.Debug|x86.ActiveCfg = Debug|x86
		{43A63F0B-EE44-4769-BEEC-12C717B28A6F}.Debug|x86.Build.0 = Debug|x86
		{43A63F0B-EE44-4769-BEEC-12C717B28A6F}.Release|x86.ActiveCfg = Release|x86
		{43A63F0B-EE44-4769-BEEC-12C717B28A6F}.Release|x86.Build.0 = Release|x86
		{7E8A290E-9709-4142-92AA-EA419B5674BA}.Debug|x86.ActiveCfg = Debug|x86
		{7E8A290E-9709-4142-92AA-EA419B5674BA}.Debug|x86.Build.0 = Debug|x86
		{7E8A290E-9709-4142-92AA-EA419B5674BA}.Release|x86.ActiveCfg = Release|x86
		{7E8A290E-9709-4142-92AA-EA419B5674BA}.Release|x86.Build.0 = Release|x86
		{E16F59F6-9776-4DB4-813A-59DB1B39B636}.Debug|x86.ActiveCfg = Debug|x86
		{E16F59F6-9776-4DB4-813A-59DB1B39B636}.Debug|x86.Build.0 = Debug|x86
		{E16F59F6-9776-4DB4-813A-59DB1B39B636}.Release|x86.ActiveCfg = Release|x86
		{E16F59F6-9776-4DB4-813A-59DB1B39B636}.Release|x86.Build.0 = Release|x86
		{B59FAA7C-E4DB-4E01-82FB-3C3CDA7EEBD7}.Debug|x86.ActiveCfg = Debug|x86
		{B59FAA7C-E4DB-4E01-82FB-3C3CDA7EEBD7}.Debug|x86.Build.0 = Debug|x86
		{B59FAA7C-E4DB-4E01-82FB-3C3CDA7EEBD7}.Release|x86.ActiveCfg = Release|x86
		{B59FAA7C-E4DB-4E01-82FB-3C3CDA7EEBD7}.Release|x86.Build.0 = Release|x86
		{2E7B2F0F-1B53-4D28-9686-854EC898BBC5}.Debug|x86.ActiveCfg = Debug|x86
		{2E7B2F0F-1B53-4D28-9686-854EC898BBC5}.Debug|x86.Build.0 = Debug|x86
		{2E7B2F0F-1B53-4D28-9686-854EC898BBC5}.Release|x86.ActiveCfg = Release|x86
		{2E7B2F0F-1B53-4D28-9686-854EC898BBC5}.Release|x86.Build.0 = Release|x86
		{BC99272F-8CE3-4143-B111-328F76C5AA81}.Debug|x86.ActiveCfg = Debug|x86
		{BC99272F-8CE3-4143-B111-328F76C5AA81}.Debug|x86.Build.0 = Debug|x86
		{BC99272F-8CE3-4143-B111-328F76C5AA81}.Release|x86.ActiveCfg = Release|x86
		{BC99272F-8CE3-4143-B111-328F76C5AA81}.Release|x86.Build.0 = Release|x86
		{EA65A5F3-E460-4749-B05C-5BCEA9427CFA}.Debug|x86.ActiveCfg = Debug|x86
		{EA65A5F3-E460-4749-B05C-5BCEA9427CFA}.Debug|x86.Build.0 = Debug|x86
		{EA65A5F3-E460-4749-B05C-5BCEA9427CFA}.Release|x86.ActiveCfg = Release|x86
		{EA65A5F3-E460-4749-B05C-5BCEA9427CFA}.Release|x86.Build.0 = Release|x86
		{4FE19DB0-80C0-443D-BDB4-9D715F122C70}.Debug|x86.ActiveCfg = Debug|x86
		{4FE19DB0-80C0-443D-BDB4-9D715F122C70}.Debug|x86.Build.0 = Debug|x86
		{4FE19DB0-80C0-443D-BDB4-9D715F122C70}.Release|x86.ActiveCfg = Release|x86
		{4FE19DB0-80C0-443D-BDB4-9D715F122C70}.Release|x86.Build.0 = Release|x86
		{1283EA14-32A1-4D1E-A2AF-F5B03823CB02}.Debug|x86.ActiveCfg = Debug|x86
		{1283EA14-32A1-4D1E-A2AF-F5B03823CB02}.Debug|x86.Build.0 = Debug|x86
		{1283EA14-32A1-4D1E-A2AF-F5B03823CB02}.Release|x86.ActiveCfg = Release|x86
		{1283EA14-32A1-4D1E-A2AF-F5B03823CB02}.Release|x86.Build.0 = Release|x86
		{BD3AF31A-AE39-406F-9ABB-BD64927B113D}.Debug|x86.ActiveCfg = Debug|x86
		{BD3AF31A-AE39-406F-9ABB-BD64927B113D}.Debug|x86.Build.0 = Debug|x86
		{BD3AF31A-AE39-406F-9ABB-BD64927B113D}.Release|x86.ActiveCfg = Release|x86
		{BD3AF31A-AE39-406F-9ABB-BD64927B113D}.Release|x86.Build.0 = Release|x86
		{EDCD00A5-9DBE-4B19-A508-BBC7B66A53F6}.Debug|x86.ActiveCfg = Debug|x86
		{EDCD00A5-9DBE-4B19-A508-BBC7B66A53F6}.Debug|x86.Build.0 = Debug|x86
		{EDCD00A5-9DBE-4B19-A508-BBC7B66A53F6}.Release|x86.ActiveCfg = Release|x86
		{EDCD00A5-9DBE-4B19-A508-BBC7B66A53F6}.Release|x86.Build.0 = Release|x86
		{7799963E-6A03-413B-954D-FF12D0104092}.Debug|x86.ActiveCfg = Debug|x86
		{7799963E-6A03-413B-954D-FF12D0104092}.Debug|x86.Build.0 = Debug|x86
		{7799963E-6A03-413B-954D-FF12D0104092}.Release|x86.ActiveCfg = Release|x86
		{7799963E-6A03-413B-954D-FF12D0104092}.Release|x86.Build.0 = Release|x86
		{05A40AE7-F825-4B4E-A4D4-9B72BF5BDB4D}.Debug|x86.ActiveCfg = Debug|x86
		{05A40AE7-F825-4B4E-A4D4-9B72BF5BDB4D}.Debug|x86.Build.0 = Debug|x86
		{05A40AE7-F825-4B4E-A4D4-9B72BF5BDB4D}.Release|x86.ActiveCfg = Release|x86
		{05A40AE7-F825-4B4E-A4D4-9B72BF5BDB4D}.Release|x86.Build.0 = Release|x86
		{AA868A2E-28BC-4659-BFE8-E41925A98F65}.Debug|x86.ActiveCfg = Debug|x86
		{AA868A2E-28BC-4659-BFE8-E41925A98F65}.Debug|x86.Build.0 = Debug|x86
		{AA868A2E-28BC-4659-BFE8-E41925A98F65}.Release|x86.ActiveCfg = Release|x86
		{AA868A2E-28BC-4659-BFE8-E41925A98F65}.Release|x86.Build.0 = Release|x86
		{1A6E23C4-0FFD-4C13-9FC5-3675F82F9251}.Debug|x86.ActiveCfg = Debug|x86
		{1A6E23C4-0FFD-4C13-9FC5-3675F82F9251}.Debug|x86.Build.0 = Debug|x86
		{1A6E23C4-0FFD-4C13-9FC5-3675F82F9251}.Release|x86.ActiveCfg = Release|x86
		{1A6E23C4-0FFD-4C13-9FC5-3675F82F9251}.Release|x86.Build.0 = Release|x86
		{CB130281-8E14-4EA6-94F5-863DB03FC292}.Debug|x86.ActiveCfg = Debug|x86
		{CB130281-8E14-4EA6-94F5-863DB03FC292}.Debug|x86.Build.0 = Debug|x86
		{CB130281-8E14-4EA6-94F5-863DB03FC292}.Release|x86.ActiveCfg = Release|x86
		{CB130281-8E14-4EA6-94F5-863DB03FC292}.Release|x86.Build.0 = Release|x86
		{722F9B71-DA49-433C-B048-267A84B270E4}.Debug|x86.ActiveCfg = Debug|x86
		{722F9B71-DA49-433C-B048-267A84B270E4}.Debug|x86.Build.0 = Debug|x86
		{722F9B71-DA49-433C-B048-267A84B270E4}.Release|x86.ActiveCfg = Release|x86
		{722F9B71-DA49-433C-B048-267A84B270E4}.Release|x86.Build.0 = Release|x86
		{5FFB04A9-36BA-4020-9FD9-DE0D690C2925}.Debug|x86.ActiveCfg = Debug|x86
		{5FFB04A9-36BA-4020-9FD9-DE0D690C2925}.Debug|x86.Build.0 = Debug|x86
		{5FFB04A9-36BA-4020-9FD9-DE0D690C2925}.Release|x86.ActiveCfg = Release|x86
		{5FFB04A9-36BA-4020-9FD9-DE0D690C2925}.Release|x86.Build.0 = Release|x86
		{3A5AA202-D814-4013-B054-C2296D4EBF71}.Debug|x86.ActiveCfg = Debug|x86
		{3A5AA202-D814-4013-B054-C2296D4EBF71}.Debug|x86.Build.0 = Debug|x86
		{3A5AA202-D814-4013-B054-C2296D4EBF71}.Release|x86.ActiveCfg = Release|x86
		{3A5AA202-D814-4013-B054-C2296D4EBF71}.Release|x86.Build.0 = Release|x86
		{25362CAA-0D41-4021-B2BB-D27F735D95B2}.Debug|x86.ActiveCfg = Debug|x86
		{25362CAA-0D41-4021-B2BB-D27F735D95B2}.Debug|x86.Build.0 = Debug|x86
		{25362CAA-0D41-4021-B2BB-D27F735D95B2}.Release|x86.ActiveCfg = Release|x86
		{25362CAA-0D41-4021-B2BB-D27F735D95B2}.Release|x86.Build.0 = Release|x86
		{A1AF9211-44CA-4EC9-ADC3-3C00907F9F09}.Debug|x86.ActiveCfg = Debug|x86
		{A1AF9211-44CA-4EC9-ADC3-3C00907F9F09}.Debug|x86.Build.0 = Debug|x86
		{A1AF9211-44CA-4EC9-ADC3-3C00907F9F09}.Release|x86.ActiveCfg = Release|x86
		{A1AF9211-44CA-4EC9-ADC3-3C00907F9F09}.Release|x86.Build.0 = Release|x86
		{770F081B-9301-451C-999C-A81EEC75D141}.Debug|x86.ActiveCfg = Debug|x86
		{770F081B-9301-451C-999C-A81EEC75D141}.Debug|x86.Build.0 = Debug|x86
		{770F081B-9301-451C-999C-A81EEC75D141}.Release|x86.ActiveCfg = Release|x86
		{770F081B-9301-451C-999C-A81EEC75D141}.Release|x86.Build.0 = Release|x86
		{81E0FCC6-B04E-40CA-8FFB-4381799FDAA0}.Debug|x86.ActiveCfg = Debug|x86
		{81E0FCC6-B04E-40CA-8FFB-4381799FDAA0}.Debug|x86.Build.0 = Debug|x86
		{81E0FCC6-B04E-40CA-8FFB-4381799FDAA0}.Release|x86.ActiveCfg = Release|x86
		{4304B49F-E5A9-4E1F-8AB4-5D3CC8C33B28}.Debug|x86.ActiveCfg = Debug|x86
		{4304B49F-E5A9-4E1F-8AB4-5D3CC8C33B28}.Debug|x86.Build.0 = Debug|x86
		{4304B49F-E5A9-4E1F-8AB4-5D3CC8C33B28}.Release|x86.ActiveCfg = Release|x86
		{4304B49F-E5A9-4E1F-8AB4-5D3CC8C33B28}.Release|x86.Build.0 = Release|x86
		{DFB48E6D-A44C-4784-89A3-86F21A108531}.Debug|x86.ActiveCfg = Debug|Any CPU
		{DFB48E6D-A44C-4784-89A3-86F21A108531}.Debug|x86.Build.0 = Debug|Any CPU
		{DFB48E6D-A44C-4784-89A3-86F21A108531}.Release|x86.ActiveCfg = Release|Any CPU
		{DFB48E6D-A44C-4784-89A3-86F21A108531}.Release|x86.Build.0 = Release|Any CPU
		{E10F9F43-11F8-4280-B4FF-F50AD02D8F8B}.Debug|x86.ActiveCfg = Debug|x86
		{E10F9F43-11F8-4280-B4FF-F50AD02D8F8B}.Debug|x86.Build.0 = Debug|x86
		{E10F9F43-11F8-4280-B4FF-F50AD02D8F8B}.Release|x86.ActiveCfg = Release|x86
		{E10F9F43-11F8-4280-B4FF-F50AD02D8F8B}.Release|x86.Build.0 = Release|x86
		{4EEEA09D-CFBC-43A7-9491-1D7738FC49E7}.Debug|x86.ActiveCfg = Debug|Any CPU
		{4EEEA09D-CFBC-43A7-9491-1D7738FC49E7}.Debug|x86.Build.0 = Debug|Any CPU
		{4EEEA09D-CFBC-43A7-9491-1D7738FC49E7}.Release|x86.ActiveCfg = Release|Any CPU
		{4EEEA09D-CFBC-43A7-9491-1D7738FC49E7}.Release|x86.Build.0 = Release|Any CPU
		{E9D61AF1-DB9E-4751-8C0A-A799CDBE2D14}.Debug|x86.ActiveCfg = Debug|x86
		{E9D61AF1-DB9E-4751-8C0A-A799CDBE2D14}.Debug|x86.Build.0 = Debug|x86
		{E9D61AF1-DB9E-4751-8C0A-A799CDBE2D14}.Release|x86.ActiveCfg = Release|x86
		{E9D61AF1-DB9E-4751-8C0A-A799CDBE2D14}.Release|x86.Build.0 = Release|x86
		{F21BD401-EDD0-4B99-A62D-19A909F4B728}.Debug|x86.ActiveCfg = Debug|x86
		{F21BD401-EDD0-4B99-A62D-19A909F4B728}.Debug|x86.Build.0 = Debug|x86
		{F21BD401-EDD0-4B99-A62D-19A909F4B728}.Release|x86.ActiveCfg = Release|x86
		{F21BD401-EDD0-4B99-A62D-19A909F4B728}.Release|x86.Build.0 = Release|x86
		{E23B75A9-B6AE-44EF-A91E-5A3E08062DF0}.Debug|x86.ActiveCfg = Debug|x86
		{E23B75A9-B6AE-44EF-A91E-5A3E08062DF0}.Debug|x86.Build.0 = Debug|x86
		{E23B75A9-B6AE-44EF-A91E-5A3E08062DF0}.Release|x86.ActiveCfg = Release|x86
		{E23B75A9-B6AE-44EF-A91E-5A3E08062DF0}.Release|x86.Build.0 = Release|x86
	EndGlobalSection
	GlobalSection(SolutionProperties) = preSolution
		HideSolutionNode = FALSE
	EndGlobalSection
	GlobalSection(NestedProjects) = preSolution
		{43CF453B-8BD0-494F-B4A8-CCB6F0A2C469} = {DDBEFB7A-32E0-4FF3-BE92-66E31BE553D1}
		{717C9EE6-43CC-4448-944B-81F47A55B58C} = {F774D98B-8C76-48C4-BD9A-AFB29F5E728C}
		{4443915C-152E-44F3-BD60-766080C0C0F0} = {DDBEFB7A-32E0-4FF3-BE92-66E31BE553D1}
		{60AC9427-F1D2-4FB9-B470-87E3E56B763E} = {DDBEFB7A-32E0-4FF3-BE92-66E31BE553D1}
		{52E085D2-F20C-4988-93BB-71088C38E378} = {DDBEFB7A-32E0-4FF3-BE92-66E31BE553D1}
		{247D5BE1-7562-4E11-9308-7C69D19276BC} = {DDBEFB7A-32E0-4FF3-BE92-66E31BE553D1}
		{7EE3C972-F915-4491-99A2-E654E634405F} = {DDBEFB7A-32E0-4FF3-BE92-66E31BE553D1}
		{B8B159E0-3C61-4FA9-8CF4-ABC3CD6D9733} = {DDBEFB7A-32E0-4FF3-BE92-66E31BE553D1}
		{F5CD64C0-ABDE-44C7-8AF8-0A47164D5F69} = {DDBEFB7A-32E0-4FF3-BE92-66E31BE553D1}
		{EC194A36-1A2B-4FC7-B02F-9A7B784A6947} = {DDBEFB7A-32E0-4FF3-BE92-66E31BE553D1}
		{DD46B019-61BA-4F24-A7E1-EF212C27CDCE} = {DDBEFB7A-32E0-4FF3-BE92-66E31BE553D1}
		{B6E9FDCE-3C8D-40E6-BB12-F3D0822FDC58} = {DDBEFB7A-32E0-4FF3-BE92-66E31BE553D1}
		{9DB4A4B2-4975-415A-9050-8EC3EC5056A7} = {DDBEFB7A-32E0-4FF3-BE92-66E31BE553D1}
		{EA7A4390-EEBB-43F1-BE86-33177B215695} = {DDBEFB7A-32E0-4FF3-BE92-66E31BE553D1}
		{12C70A66-EA45-4769-AAEA-B7A5AA7048D1} = {A92DDF5E-F30E-437C-9024-9B46043C51CD}
		{15D58C58-7AE0-4338-9873-ACD4C336CA67} = {A92DDF5E-F30E-437C-9024-9B46043C51CD}
		{FBED9B93-209A-4322-812E-66BA8516AE18} = {A92DDF5E-F30E-437C-9024-9B46043C51CD}
		{FA0BB5B5-C4E9-4E5C-BE70-C859C2699CD6} = {A92DDF5E-F30E-437C-9024-9B46043C51CD}
		{EF17745E-1116-499C-94D0-5D3607EE8FA4} = {A92DDF5E-F30E-437C-9024-9B46043C51CD}
		{C8E0E745-5644-4674-B9B9-05CA7576A1A6} = {F774D98B-8C76-48C4-BD9A-AFB29F5E728C}
		{3CD00066-E1BF-458F-A43C-7EF66282C167} = {F774D98B-8C76-48C4-BD9A-AFB29F5E728C}
		{DF49E7F0-B946-43FD-A228-39FB0BD43AFD} = {F774D98B-8C76-48C4-BD9A-AFB29F5E728C}
		{B6CB9754-EADA-4A23-A249-C33605066756} = {F774D98B-8C76-48C4-BD9A-AFB29F5E728C}
		{5B40132E-3A1F-4CAE-8AEE-9791F7836BC8} = {F774D98B-8C76-48C4-BD9A-AFB29F5E728C}
		{B879C15C-48E7-47CF-9C34-9083123888BD} = {717C9EE6-43CC-4448-944B-81F47A55B58C}
		{6802D9B4-FFA8-4006-AE17-A1AB8FA82F00} = {F774D98B-8C76-48C4-BD9A-AFB29F5E728C}
		{9C938A80-0ED3-45FC-B29F-7D7FA7535342} = {F774D98B-8C76-48C4-BD9A-AFB29F5E728C}
		{61666B4B-6AB0-4989-B04C-6AD02EBD6D1C} = {F774D98B-8C76-48C4-BD9A-AFB29F5E728C}
		{CCF148C7-FEC2-4CD2-BC4F-25BC6C3A102A} = {F774D98B-8C76-48C4-BD9A-AFB29F5E728C}
		{7E9FE48E-9926-4EF4-9B6B-3241841BE67B} = {F774D98B-8C76-48C4-BD9A-AFB29F5E728C}
		{685F0AE0-DBA2-4F21-B25C-581460CD0CFC} = {F774D98B-8C76-48C4-BD9A-AFB29F5E728C}
		{F2ABD6C0-C692-4E27-9925-E8154182B4EC} = {717C9EE6-43CC-4448-944B-81F47A55B58C}
		{110B472F-44EF-46D7-A59E-D2FF74E061C0} = {717C9EE6-43CC-4448-944B-81F47A55B58C}
		{15869D7F-5B08-4D2A-8DC6-78A470A9E250} = {F774D98B-8C76-48C4-BD9A-AFB29F5E728C}
		{7E8E77D8-1114-4190-B51E-A2D8E7B8B830} = {F774D98B-8C76-48C4-BD9A-AFB29F5E728C}
		{FA8993B3-6905-4FE1-9715-CEEFB5CE9B3D} = {F774D98B-8C76-48C4-BD9A-AFB29F5E728C}
		{E200FC57-9E3E-489A-9727-468999D95A90} = {717C9EE6-43CC-4448-944B-81F47A55B58C}
		{CAA74451-92BA-4D52-BA7B-F9341C1E47AC} = {F774D98B-8C76-48C4-BD9A-AFB29F5E728C}
		{7297B027-A204-417E-89A0-5ED5A7F525D8} = {DDBEFB7A-32E0-4FF3-BE92-66E31BE553D1}
		{3163EEFE-D455-40C8-8FAD-A1120BCE92AD} = {717C9EE6-43CC-4448-944B-81F47A55B58C}
		{17AC7C89-094C-4B7E-B013-BF408776125B} = {F774D98B-8C76-48C4-BD9A-AFB29F5E728C}
		{4E01D29C-40A8-47E3-8F62-124919EE06C6} = {F774D98B-8C76-48C4-BD9A-AFB29F5E728C}
		{CDAD162E-A2E4-4A4E-B3D9-340699F120E8} = {717C9EE6-43CC-4448-944B-81F47A55B58C}
		{49E85ED4-0B63-47B0-B935-16B328EDEE45} = {F774D98B-8C76-48C4-BD9A-AFB29F5E728C}
		{7BEC961F-8CC2-47C9-8C44-0E13A5294B79} = {F774D98B-8C76-48C4-BD9A-AFB29F5E728C}
		{8B38C75A-0FFF-4C3F-8E63-5AE7ED8BB9E5} = {F774D98B-8C76-48C4-BD9A-AFB29F5E728C}
		{0AA352F8-C6F9-4920-82F9-27135F01C4E9} = {717C9EE6-43CC-4448-944B-81F47A55B58C}
		{8CD134E1-2C2F-4A5D-AF05-9B89A04F9B41} = {F774D98B-8C76-48C4-BD9A-AFB29F5E728C}
		{E04D59F1-BE74-47B8-8E78-418B1A9CD37E} = {717C9EE6-43CC-4448-944B-81F47A55B58C}
		{ABDD40FC-363A-4E8E-9185-9E517776BE65} = {F774D98B-8C76-48C4-BD9A-AFB29F5E728C}
		{C3D7FA27-03E1-44B0-ADF9-1FE00A076CD6} = {3C5699C3-1604-450C-B902-D53D6C608AF5}
		{D6FC98BD-A6EE-4223-B995-65299D714A4C} = {C3D7FA27-03E1-44B0-ADF9-1FE00A076CD6}
		{520F4163-583B-4C89-8491-8280A9AEA0CF} = {C3D7FA27-03E1-44B0-ADF9-1FE00A076CD6}
		{C9DCC447-A1E1-45DE-AFDB-A3BD4F200F02} = {C3D7FA27-03E1-44B0-ADF9-1FE00A076CD6}
		{24157076-0F9F-4FAB-8E32-76B4320C28B9} = {91335A24-5729-4ACA-AFDE-C08AA961AD6B}
		{91335A24-5729-4ACA-AFDE-C08AA961AD6B} = {3C5699C3-1604-450C-B902-D53D6C608AF5}
		{C6FF4ABD-9427-4002-98F9-EEB2F75645BF} = {91335A24-5729-4ACA-AFDE-C08AA961AD6B}
		{2ADC67E7-75EA-4CC1-8E68-988928FB8497} = {91335A24-5729-4ACA-AFDE-C08AA961AD6B}
		{EC6EB478-22E3-46EF-AD91-E801A7611AC7} = {91335A24-5729-4ACA-AFDE-C08AA961AD6B}
		{5F05F815-0A6B-43E7-A254-39D0409BFE8E} = {91335A24-5729-4ACA-AFDE-C08AA961AD6B}
		{2DAB67B9-2090-4E3A-9955-9C280CAA4076} = {3C5699C3-1604-450C-B902-D53D6C608AF5}
		{D7ECA32D-B126-4D0D-BBCF-977183720134} = {3C5699C3-1604-450C-B902-D53D6C608AF5}
		{D2AFF601-4DF2-466B-91EB-3AA010668360} = {D7ECA32D-B126-4D0D-BBCF-977183720134}
		{4827C580-A62B-404B-A9E6-AAEA001F6DE6} = {D7ECA32D-B126-4D0D-BBCF-977183720134}
		{34CB7C9F-49E1-4276-A206-96806BE5072A} = {D7ECA32D-B126-4D0D-BBCF-977183720134}
		{25BFEC13-3A4E-4F04-81EF-4E372555F9CA} = {3C5699C3-1604-450C-B902-D53D6C608AF5}
		{53F9BF22-D276-41D6-AC12-A6FDD8852512} = {3C5699C3-1604-450C-B902-D53D6C608AF5}
		{E91E70D4-DA94-403B-952B-8E3EB630E8E0} = {53F9BF22-D276-41D6-AC12-A6FDD8852512}
		{012E2049-DB0D-47F1-B267-7E7C6BA5B9D0} = {53F9BF22-D276-41D6-AC12-A6FDD8852512}
		{AB427185-63C7-4FAA-8622-2D960B773310} = {3C5699C3-1604-450C-B902-D53D6C608AF5}
		{AAB2E5FE-0DC2-4154-9371-1C9A30ED6574} = {F774D98B-8C76-48C4-BD9A-AFB29F5E728C}
		{8EF945E4-F270-4867-A363-08896EC16F2F} = {717C9EE6-43CC-4448-944B-81F47A55B58C}
		{0D169FDC-E838-4ACB-9BA6-F7EA13E31C3F} = {A92DDF5E-F30E-437C-9024-9B46043C51CD}
		{38AA67E8-4515-4B65-ACC0-6DDEB7E263AD} = {D7ECA32D-B126-4D0D-BBCF-977183720134}
		{43A63F0B-EE44-4769-BEEC-12C717B28A6F} = {A92DDF5E-F30E-437C-9024-9B46043C51CD}
		{7E8A290E-9709-4142-92AA-EA419B5674BA} = {717C9EE6-43CC-4448-944B-81F47A55B58C}
		{E16F59F6-9776-4DB4-813A-59DB1B39B636} = {DDBEFB7A-32E0-4FF3-BE92-66E31BE553D1}
		{B59FAA7C-E4DB-4E01-82FB-3C3CDA7EEBD7} = {DDBEFB7A-32E0-4FF3-BE92-66E31BE553D1}
		{2E7B2F0F-1B53-4D28-9686-854EC898BBC5} = {F774D98B-8C76-48C4-BD9A-AFB29F5E728C}
		{BC99272F-8CE3-4143-B111-328F76C5AA81} = {A92DDF5E-F30E-437C-9024-9B46043C51CD}
		{EA65A5F3-E460-4749-B05C-5BCEA9427CFA} = {717C9EE6-43CC-4448-944B-81F47A55B58C}
		{4FE19DB0-80C0-443D-BDB4-9D715F122C70} = {A92DDF5E-F30E-437C-9024-9B46043C51CD}
		{1283EA14-32A1-4D1E-A2AF-F5B03823CB02} = {DDBEFB7A-32E0-4FF3-BE92-66E31BE553D1}
		{BD3AF31A-AE39-406F-9ABB-BD64927B113D} = {717C9EE6-43CC-4448-944B-81F47A55B58C}
		{EDCD00A5-9DBE-4B19-A508-BBC7B66A53F6} = {F774D98B-8C76-48C4-BD9A-AFB29F5E728C}
		{7799963E-6A03-413B-954D-FF12D0104092} = {DDBEFB7A-32E0-4FF3-BE92-66E31BE553D1}
		{05A40AE7-F825-4B4E-A4D4-9B72BF5BDB4D} = {53F9BF22-D276-41D6-AC12-A6FDD8852512}
		{AA868A2E-28BC-4659-BFE8-E41925A98F65} = {F774D98B-8C76-48C4-BD9A-AFB29F5E728C}
		{B7DECFC1-4C7D-41F1-B151-91C9734B5216} = {3C5699C3-1604-450C-B902-D53D6C608AF5}
		{1A6E23C4-0FFD-4C13-9FC5-3675F82F9251} = {B7DECFC1-4C7D-41F1-B151-91C9734B5216}
		{CB130281-8E14-4EA6-94F5-863DB03FC292} = {B7DECFC1-4C7D-41F1-B151-91C9734B5216}
		{722F9B71-DA49-433C-B048-267A84B270E4} = {B7DECFC1-4C7D-41F1-B151-91C9734B5216}
		{AB94E337-2F8B-4A49-9858-DBB22FFC51AA} = {3C5699C3-1604-450C-B902-D53D6C608AF5}
		{5FFB04A9-36BA-4020-9FD9-DE0D690C2925} = {AB94E337-2F8B-4A49-9858-DBB22FFC51AA}
		{3A5AA202-D814-4013-B054-C2296D4EBF71} = {EC3B068E-55FA-4E2F-BED5-35AB79D65DDD}
		{25362CAA-0D41-4021-B2BB-D27F735D95B2} = {F774D98B-8C76-48C4-BD9A-AFB29F5E728C}
		{A1AF9211-44CA-4EC9-ADC3-3C00907F9F09} = {D7ECA32D-B126-4D0D-BBCF-977183720134}
		{770F081B-9301-451C-999C-A81EEC75D141} = {D7ECA32D-B126-4D0D-BBCF-977183720134}
		{4304B49F-E5A9-4E1F-8AB4-5D3CC8C33B28} = {82632809-01BF-4D8F-AF71-9C4AE291C643}
		{DFB48E6D-A44C-4784-89A3-86F21A108531} = {82632809-01BF-4D8F-AF71-9C4AE291C643}
		{E10F9F43-11F8-4280-B4FF-F50AD02D8F8B} = {82632809-01BF-4D8F-AF71-9C4AE291C643}
		{4EEEA09D-CFBC-43A7-9491-1D7738FC49E7} = {82632809-01BF-4D8F-AF71-9C4AE291C643}
		{E9D61AF1-DB9E-4751-8C0A-A799CDBE2D14} = {82632809-01BF-4D8F-AF71-9C4AE291C643}
		{F21BD401-EDD0-4B99-A62D-19A909F4B728} = {82632809-01BF-4D8F-AF71-9C4AE291C643}
		{E23B75A9-B6AE-44EF-A91E-5A3E08062DF0} = {C3D7FA27-03E1-44B0-ADF9-1FE00A076CD6}
	EndGlobalSection
	GlobalSection(ExtensibilityGlobals) = postSolution
		SolutionGuid = {CDDE4437-1061-4E3A-8C8F-A1F2AA9F76A8}
	EndGlobalSection
EndGlobal
